
Microsoft Visual Studio Solution File, Format Version 12.00
# Visual Studio Version 16
VisualStudioVersion = 16.0.28721.148
MinimumVisualStudioVersion = 10.0.40219.1
Project("{8BC9CEB8-8B4A-11D0-8D11-00A0C91BC942}") = "Lecture1", "Lecture1\Lecture1.vcxproj", "{B9763ED8-36A0-4835-A18F-6775DAB15052}"
EndProject
Project("{8BC9CEB8-8B4A-11D0-8D11-00A0C91BC942}") = "Lecture2", "Lecture2\Lecture2.vcxproj", "{66991FCA-385E-431F-8650-8DC44615AB46}"
EndProject
Project("{8BC9CEB8-8B4A-11D0-8D11-00A0C91BC942}") = "Lecture3", "Lecture3\Lecture3.vcxproj", "{94555A88-78EB-4B26-ABA0-DF251B426529}"
EndProject
Project("{8BC9CEB8-8B4A-11D0-8D11-00A0C91BC942}") = "Lecture4", "Lecture4\Lecture4.vcxproj", "{8D5E10AB-9090-40C6-9B0A-B2EDCC1AB71B}"
EndProject
Project("{8BC9CEB8-8B4A-11D0-8D11-00A0C91BC942}") = "Lecture5", "Lecture5\Lecture5.vcxproj", "{2F95C410-F1DF-41DA-B375-E435C5728753}"
EndProject
Project("{8BC9CEB8-8B4A-11D0-8D11-00A0C91BC942}") = "Lecture6", "Lecture6\Lecture6.vcxproj", "{C1E13D86-5191-471E-A96C-6BFF84268678}"
EndProject
Project("{8BC9CEB8-8B4A-11D0-8D11-00A0C91BC942}") = "Lecture6_ans", "Lecture6_ans\Lecture6_ans.vcxproj", "{66918DB2-C74D-49D6-ADB7-C5CB6E7EB312}"
EndProject
Project("{8BC9CEB8-8B4A-11D0-8D11-00A0C91BC942}") = "Lecture7", "Lecture7\Lecture7.vcxproj", "{F03994C4-ADA0-4E94-84A1-FE5B9F5384F7}"
EndProject
Project("{8BC9CEB8-8B4A-11D0-8D11-00A0C91BC942}") = "Lecture8", "Lecture8\Lecture8.vcxproj", "{F3F50BBC-65C7-40D0-8584-6B981CA4BAA0}"
EndProject
Project("{8BC9CEB8-8B4A-11D0-8D11-00A0C91BC942}") = "Lecture9", "Lecture9\Lecture9.vcxproj", "{AF689BC0-550F-4BE8-B080-564837210A0C}"
EndProject
Project("{8BC9CEB8-8B4A-11D0-8D11-00A0C91BC942}") = "Lecture10", "Lecture10\Lecture10.vcxproj", "{07F51E8C-8D34-409A-A393-E366CD0FD144}"
EndProject
Project("{8BC9CEB8-8B4A-11D0-8D11-00A0C91BC942}") = "Lecture11", "Lecture11\Lecture11.vcxproj", "{758D1409-9085-4AF7-8C32-245AFA175565}"
EndProject
Project("{8BC9CEB8-8B4A-11D0-8D11-00A0C91BC942}") = "Lecture12", "Lecture12\Lecture12.vcxproj", "{A93EC341-C33E-4087-8E45-61A45EEC8DAF}"
EndProject
Project("{8BC9CEB8-8B4A-11D0-8D11-00A0C91BC942}") = "Lecture13", "Lecture13\Lecture13.vcxproj", "{8D4D49AE-A433-43EA-B21E-7A0268B1EDD8}"
EndProject
Global
	GlobalSection(SolutionConfigurationPlatforms) = preSolution
		Debug|x64 = Debug|x64
		Debug|x86 = Debug|x86
		Release|x64 = Release|x64
		Release|x86 = Release|x86
	EndGlobalSection
	GlobalSection(ProjectConfigurationPlatforms) = postSolution
		{B9763ED8-36A0-4835-A18F-6775DAB15052}.Debug|x64.ActiveCfg = Debug|x64
		{B9763ED8-36A0-4835-A18F-6775DAB15052}.Debug|x64.Build.0 = Debug|x64
		{B9763ED8-36A0-4835-A18F-6775DAB15052}.Debug|x86.ActiveCfg = Debug|Win32
		{B9763ED8-36A0-4835-A18F-6775DAB15052}.Debug|x86.Build.0 = Debug|Win32
		{B9763ED8-36A0-4835-A18F-6775DAB15052}.Release|x64.ActiveCfg = Release|x64
		{B9763ED8-36A0-4835-A18F-6775DAB15052}.Release|x64.Build.0 = Release|x64
		{B9763ED8-36A0-4835-A18F-6775DAB15052}.Release|x86.ActiveCfg = Release|Win32
		{B9763ED8-36A0-4835-A18F-6775DAB15052}.Release|x86.Build.0 = Release|Win32
		{66991FCA-385E-431F-8650-8DC44615AB46}.Debug|x64.ActiveCfg = Debug|x64
		{66991FCA-385E-431F-8650-8DC44615AB46}.Debug|x64.Build.0 = Debug|x64
		{66991FCA-385E-431F-8650-8DC44615AB46}.Debug|x86.ActiveCfg = Debug|Win32
		{66991FCA-385E-431F-8650-8DC44615AB46}.Debug|x86.Build.0 = Debug|Win32
		{66991FCA-385E-431F-8650-8DC44615AB46}.Release|x64.ActiveCfg = Release|x64
		{66991FCA-385E-431F-8650-8DC44615AB46}.Release|x64.Build.0 = Release|x64
		{66991FCA-385E-431F-8650-8DC44615AB46}.Release|x86.ActiveCfg = Release|Win32
		{66991FCA-385E-431F-8650-8DC44615AB46}.Release|x86.Build.0 = Release|Win32
		{94555A88-78EB-4B26-ABA0-DF251B426529}.Debug|x64.ActiveCfg = Debug|x64
		{94555A88-78EB-4B26-ABA0-DF251B426529}.Debug|x64.Build.0 = Debug|x64
		{94555A88-78EB-4B26-ABA0-DF251B426529}.Debug|x86.ActiveCfg = Debug|Win32
		{94555A88-78EB-4B26-ABA0-DF251B426529}.Debug|x86.Build.0 = Debug|Win32
		{94555A88-78EB-4B26-ABA0-DF251B426529}.Release|x64.ActiveCfg = Release|x64
		{94555A88-78EB-4B26-ABA0-DF251B426529}.Release|x64.Build.0 = Release|x64
		{94555A88-78EB-4B26-ABA0-DF251B426529}.Release|x86.ActiveCfg = Release|Win32
		{94555A88-78EB-4B26-ABA0-DF251B426529}.Release|x86.Build.0 = Release|Win32
		{8D5E10AB-9090-40C6-9B0A-B2EDCC1AB71B}.Debug|x64.ActiveCfg = Debug|x64
		{8D5E10AB-9090-40C6-9B0A-B2EDCC1AB71B}.Debug|x64.Build.0 = Debug|x64
		{8D5E10AB-9090-40C6-9B0A-B2EDCC1AB71B}.Debug|x86.ActiveCfg = Debug|Win32
		{8D5E10AB-9090-40C6-9B0A-B2EDCC1AB71B}.Debug|x86.Build.0 = Debug|Win32
		{8D5E10AB-9090-40C6-9B0A-B2EDCC1AB71B}.Release|x64.ActiveCfg = Release|x64
		{8D5E10AB-9090-40C6-9B0A-B2EDCC1AB71B}.Release|x64.Build.0 = Release|x64
		{8D5E10AB-9090-40C6-9B0A-B2EDCC1AB71B}.Release|x86.ActiveCfg = Release|Win32
		{8D5E10AB-9090-40C6-9B0A-B2EDCC1AB71B}.Release|x86.Build.0 = Release|Win32
		{2F95C410-F1DF-41DA-B375-E435C5728753}.Debug|x64.ActiveCfg = Debug|x64
		{2F95C410-F1DF-41DA-B375-E435C5728753}.Debug|x64.Build.0 = Debug|x64
		{2F95C410-F1DF-41DA-B375-E435C5728753}.Debug|x86.ActiveCfg = Debug|Win32
		{2F95C410-F1DF-41DA-B375-E435C5728753}.Debug|x86.Build.0 = Debug|Win32
		{2F95C410-F1DF-41DA-B375-E435C5728753}.Release|x64.ActiveCfg = Release|x64
		{2F95C410-F1DF-41DA-B375-E435C5728753}.Release|x64.Build.0 = Release|x64
		{2F95C410-F1DF-41DA-B375-E435C5728753}.Release|x86.ActiveCfg = Release|Win32
		{2F95C410-F1DF-41DA-B375-E435C5728753}.Release|x86.Build.0 = Release|Win32
		{C1E13D86-5191-471E-A96C-6BFF84268678}.Debug|x64.ActiveCfg = Debug|x64
		{C1E13D86-5191-471E-A96C-6BFF84268678}.Debug|x64.Build.0 = Debug|x64
		{C1E13D86-5191-471E-A96C-6BFF84268678}.Debug|x86.ActiveCfg = Debug|Win32
		{C1E13D86-5191-471E-A96C-6BFF84268678}.Debug|x86.Build.0 = Debug|Win32
		{C1E13D86-5191-471E-A96C-6BFF84268678}.Release|x64.ActiveCfg = Release|x64
		{C1E13D86-5191-471E-A96C-6BFF84268678}.Release|x64.Build.0 = Release|x64
		{C1E13D86-5191-471E-A96C-6BFF84268678}.Release|x86.ActiveCfg = Release|Win32
		{C1E13D86-5191-471E-A96C-6BFF84268678}.Release|x86.Build.0 = Release|Win32
		{66918DB2-C74D-49D6-ADB7-C5CB6E7EB312}.Debug|x64.ActiveCfg = Debug|x64
		{66918DB2-C74D-49D6-ADB7-C5CB6E7EB312}.Debug|x64.Build.0 = Debug|x64
		{66918DB2-C74D-49D6-ADB7-C5CB6E7EB312}.Debug|x86.ActiveCfg = Debug|Win32
		{66918DB2-C74D-49D6-ADB7-C5CB6E7EB312}.Debug|x86.Build.0 = Debug|Win32
		{66918DB2-C74D-49D6-ADB7-C5CB6E7EB312}.Release|x64.ActiveCfg = Release|x64
		{66918DB2-C74D-49D6-ADB7-C5CB6E7EB312}.Release|x64.Build.0 = Release|x64
		{66918DB2-C74D-49D6-ADB7-C5CB6E7EB312}.Release|x86.ActiveCfg = Release|Win32
		{66918DB2-C74D-49D6-ADB7-C5CB6E7EB312}.Release|x86.Build.0 = Release|Win32
		{F03994C4-ADA0-4E94-84A1-FE5B9F5384F7}.Debug|x64.ActiveCfg = Debug|x64
		{F03994C4-ADA0-4E94-84A1-FE5B9F5384F7}.Debug|x64.Build.0 = Debug|x64
		{F03994C4-ADA0-4E94-84A1-FE5B9F5384F7}.Debug|x86.ActiveCfg = Debug|Win32
		{F03994C4-ADA0-4E94-84A1-FE5B9F5384F7}.Debug|x86.Build.0 = Debug|Win32
		{F03994C4-ADA0-4E94-84A1-FE5B9F5384F7}.Release|x64.ActiveCfg = Release|x64
		{F03994C4-ADA0-4E94-84A1-FE5B9F5384F7}.Release|x64.Build.0 = Release|x64
		{F03994C4-ADA0-4E94-84A1-FE5B9F5384F7}.Release|x86.ActiveCfg = Release|Win32
		{F03994C4-ADA0-4E94-84A1-FE5B9F5384F7}.Release|x86.Build.0 = Release|Win32
		{F3F50BBC-65C7-40D0-8584-6B981CA4BAA0}.Debug|x64.ActiveCfg = Debug|x64
		{F3F50BBC-65C7-40D0-8584-6B981CA4BAA0}.Debug|x64.Build.0 = Debug|x64
		{F3F50BBC-65C7-40D0-8584-6B981CA4BAA0}.Debug|x86.ActiveCfg = Debug|Win32
		{F3F50BBC-65C7-40D0-8584-6B981CA4BAA0}.Debug|x86.Build.0 = Debug|Win32
		{F3F50BBC-65C7-40D0-8584-6B981CA4BAA0}.Release|x64.ActiveCfg = Release|x64
		{F3F50BBC-65C7-40D0-8584-6B981CA4BAA0}.Release|x64.Build.0 = Release|x64
		{F3F50BBC-65C7-40D0-8584-6B981CA4BAA0}.Release|x86.ActiveCfg = Release|Win32
		{F3F50BBC-65C7-40D0-8584-6B981CA4BAA0}.Release|x86.Build.0 = Release|Win32
		{AF689BC0-550F-4BE8-B080-564837210A0C}.Debug|x64.ActiveCfg = Debug|x64
		{AF689BC0-550F-4BE8-B080-564837210A0C}.Debug|x64.Build.0 = Debug|x64
		{AF689BC0-550F-4BE8-B080-564837210A0C}.Debug|x86.ActiveCfg = Debug|Win32
		{AF689BC0-550F-4BE8-B080-564837210A0C}.Debug|x86.Build.0 = Debug|Win32
		{AF689BC0-550F-4BE8-B080-564837210A0C}.Release|x64.ActiveCfg = Release|x64
		{AF689BC0-550F-4BE8-B080-564837210A0C}.Release|x64.Build.0 = Release|x64
		{AF689BC0-550F-4BE8-B080-564837210A0C}.Release|x86.ActiveCfg = Release|Win32
		{AF689BC0-550F-4BE8-B080-564837210A0C}.Release|x86.Build.0 = Release|Win32
		{07F51E8C-8D34-409A-A393-E366CD0FD144}.Debug|x64.ActiveCfg = Debug|x64
		{07F51E8C-8D34-409A-A393-E366CD0FD144}.Debug|x64.Build.0 = Debug|x64
		{07F51E8C-8D34-409A-A393-E366CD0FD144}.Debug|x86.ActiveCfg = Debug|Win32
		{07F51E8C-8D34-409A-A393-E366CD0FD144}.Debug|x86.Build.0 = Debug|Win32
		{07F51E8C-8D34-409A-A393-E366CD0FD144}.Release|x64.ActiveCfg = Release|x64
		{07F51E8C-8D34-409A-A393-E366CD0FD144}.Release|x64.Build.0 = Release|x64
		{07F51E8C-8D34-409A-A393-E366CD0FD144}.Release|x86.ActiveCfg = Release|Win32
		{07F51E8C-8D34-409A-A393-E366CD0FD144}.Release|x86.Build.0 = Release|Win32
		{758D1409-9085-4AF7-8C32-245AFA175565}.Debug|x64.ActiveCfg = Debug|x64
		{758D1409-9085-4AF7-8C32-245AFA175565}.Debug|x64.Build.0 = Debug|x64
		{758D1409-9085-4AF7-8C32-245AFA175565}.Debug|x86.ActiveCfg = Debug|Win32
		{758D1409-9085-4AF7-8C32-245AFA175565}.Debug|x86.Build.0 = Debug|Win32
		{758D1409-9085-4AF7-8C32-245AFA175565}.Release|x64.ActiveCfg = Release|x64
		{758D1409-9085-4AF7-8C32-245AFA175565}.Release|x64.Build.0 = Release|x64
		{758D1409-9085-4AF7-8C32-245AFA175565}.Release|x86.ActiveCfg = Release|Win32
		{758D1409-9085-4AF7-8C32-245AFA175565}.Release|x86.Build.0 = Release|Win32
		{A93EC341-C33E-4087-8E45-61A45EEC8DAF}.Debug|x64.ActiveCfg = Debug|x64
		{A93EC341-C33E-4087-8E45-61A45EEC8DAF}.Debug|x64.Build.0 = Debug|x64
		{A93EC341-C33E-4087-8E45-61A45EEC8DAF}.Debug|x86.ActiveCfg = Debug|Win32
		{A93EC341-C33E-4087-8E45-61A45EEC8DAF}.Debug|x86.Build.0 = Debug|Win32
		{A93EC341-C33E-4087-8E45-61A45EEC8DAF}.Release|x64.ActiveCfg = Release|x64
		{A93EC341-C33E-4087-8E45-61A45EEC8DAF}.Release|x64.Build.0 = Release|x64
		{A93EC341-C33E-4087-8E45-61A45EEC8DAF}.Release|x86.ActiveCfg = Release|Win32
		{A93EC341-C33E-4087-8E45-61A45EEC8DAF}.Release|x86.Build.0 = Release|Win32
		{8D4D49AE-A433-43EA-B21E-7A0268B1EDD8}.Debug|x64.ActiveCfg = Debug|x64
		{8D4D49AE-A433-43EA-B21E-7A0268B1EDD8}.Debug|x64.Build.0 = Debug|x64
		{8D4D49AE-A433-43EA-B21E-7A0268B1EDD8}.Debug|x86.ActiveCfg = Debug|Win32
		{8D4D49AE-A433-43EA-B21E-7A0268B1EDD8}.Debug|x86.Build.0 = Debug|Win32
		{8D4D49AE-A433-43EA-B21E-7A0268B1EDD8}.Release|x64.ActiveCfg = Release|x64
		{8D4D49AE-A433-43EA-B21E-7A0268B1EDD8}.Release|x64.Build.0 = Release|x64
		{8D4D49AE-A433-43EA-B21E-7A0268B1EDD8}.Release|x86.ActiveCfg = Release|Win32
		{8D4D49AE-A433-43EA-B21E-7A0268B1EDD8}.Release|x86.Build.0 = Release|Win32
	EndGlobalSection
	GlobalSection(SolutionProperties) = preSolution
		HideSolutionNode = FALSE
	EndGlobalSection
	GlobalSection(ExtensibilityGlobals) = postSolution
		SolutionGuid = {AEE47735-9EF5-4764-ACD6-D4C668CF41F1}
	EndGlobalSection
EndGlobal
