
Microsoft Visual Studio Solution File, Format Version 12.00
# Visual Studio Version 16
VisualStudioVersion = 16.0.28606.126
MinimumVisualStudioVersion = 10.0.40219.1
Project("{8BC9CEB8-8B4A-11D0-8D11-00A0C91BC942}") = "Lecture1", "Lecture1\Lecture1.vcxproj", "{B5FD564D-1503-4FE0-855D-6555FB8203C3}"
EndProject
Project("{8BC9CEB8-8B4A-11D0-8D11-00A0C91BC942}") = "Lecture6", "Lecture6\Lecture6.vcxproj", "{B04135B8-AEB8-4D23-9F6A-762DC8774FE2}"
EndProject
Project("{8BC9CEB8-8B4A-11D0-8D11-00A0C91BC942}") = "Lecture7", "Lecture7\Lecture7.vcxproj", "{ACEBD55A-EEA2-4AE9-8160-DFD65B15C93E}"
EndProject
Project("{8BC9CEB8-8B4A-11D0-8D11-00A0C91BC942}") = "Lecture8", "Lecture8\Lecture8.vcxproj", "{66D58CCE-7AE7-41C3-ABF4-B9C918D5F747}"
EndProject
Project("{8BC9CEB8-8B4A-11D0-8D11-00A0C91BC942}") = "Lecture9", "Lecture9\Lecture9.vcxproj", "{40A864A0-6E38-4E41-8445-7A44A30A69C7}"
EndProject
Project("{8BC9CEB8-8B4A-11D0-8D11-00A0C91BC942}") = "Lecture10", "Lecture10\Lecture10.vcxproj", "{12A29A27-9893-4B1A-9A33-C81CC0577982}"
EndProject
Project("{8BC9CEB8-8B4A-11D0-8D11-00A0C91BC942}") = "Lecture11", "Lecture11\Lecture11.vcxproj", "{6A6537D4-C84E-4387-8310-AE47F1FB9B27}"
EndProject
Project("{8BC9CEB8-8B4A-11D0-8D11-00A0C91BC942}") = "CppTest", "CppTest\CppTest.vcxproj", "{A10684FB-CBD2-4A6C-B1D0-22FDC4B973B4}"
EndProject
Project("{8BC9CEB8-8B4A-11D0-8D11-00A0C91BC942}") = "Lecture12", "Lecture12\Lecture12.vcxproj", "{93D5C5D0-5C70-4372-8045-85E5CA6A2840}"
EndProject
Project("{8BC9CEB8-8B4A-11D0-8D11-00A0C91BC942}") = "Lecture13", "Lecture13\Lecture13.vcxproj", "{CBA33476-25F9-4565-A667-E96A47C9A9F7}"
EndProject
Project("{8BC9CEB8-8B4A-11D0-8D11-00A0C91BC942}") = "Lecture14", "Lecture14\Lecture14.vcxproj", "{DC7A61C1-B4EB-444C-B759-7E592199AF28}"
EndProject
Global
	GlobalSection(SolutionConfigurationPlatforms) = preSolution
		Debug|x64 = Debug|x64
		Debug|x86 = Debug|x86
		Release|x64 = Release|x64
		Release|x86 = Release|x86
	EndGlobalSection
	GlobalSection(ProjectConfigurationPlatforms) = postSolution
		{B5FD564D-1503-4FE0-855D-6555FB8203C3}.Debug|x64.ActiveCfg = Debug|x64
		{B5FD564D-1503-4FE0-855D-6555FB8203C3}.Debug|x64.Build.0 = Debug|x64
		{B5FD564D-1503-4FE0-855D-6555FB8203C3}.Debug|x86.ActiveCfg = Debug|Win32
		{B5FD564D-1503-4FE0-855D-6555FB8203C3}.Debug|x86.Build.0 = Debug|Win32
		{B5FD564D-1503-4FE0-855D-6555FB8203C3}.Release|x64.ActiveCfg = Release|x64
		{B5FD564D-1503-4FE0-855D-6555FB8203C3}.Release|x64.Build.0 = Release|x64
		{B5FD564D-1503-4FE0-855D-6555FB8203C3}.Release|x86.ActiveCfg = Release|Win32
		{B5FD564D-1503-4FE0-855D-6555FB8203C3}.Release|x86.Build.0 = Release|Win32
		{B04135B8-AEB8-4D23-9F6A-762DC8774FE2}.Debug|x64.ActiveCfg = Debug|x64
		{B04135B8-AEB8-4D23-9F6A-762DC8774FE2}.Debug|x64.Build.0 = Debug|x64
		{B04135B8-AEB8-4D23-9F6A-762DC8774FE2}.Debug|x86.ActiveCfg = Debug|Win32
		{B04135B8-AEB8-4D23-9F6A-762DC8774FE2}.Debug|x86.Build.0 = Debug|Win32
		{B04135B8-AEB8-4D23-9F6A-762DC8774FE2}.Release|x64.ActiveCfg = Release|x64
		{B04135B8-AEB8-4D23-9F6A-762DC8774FE2}.Release|x64.Build.0 = Release|x64
		{B04135B8-AEB8-4D23-9F6A-762DC8774FE2}.Release|x86.ActiveCfg = Release|Win32
		{B04135B8-AEB8-4D23-9F6A-762DC8774FE2}.Release|x86.Build.0 = Release|Win32
		{ACEBD55A-EEA2-4AE9-8160-DFD65B15C93E}.Debug|x64.ActiveCfg = Debug|x64
		{ACEBD55A-EEA2-4AE9-8160-DFD65B15C93E}.Debug|x64.Build.0 = Debug|x64
		{ACEBD55A-EEA2-4AE9-8160-DFD65B15C93E}.Debug|x86.ActiveCfg = Debug|Win32
		{ACEBD55A-EEA2-4AE9-8160-DFD65B15C93E}.Debug|x86.Build.0 = Debug|Win32
		{ACEBD55A-EEA2-4AE9-8160-DFD65B15C93E}.Release|x64.ActiveCfg = Release|x64
		{ACEBD55A-EEA2-4AE9-8160-DFD65B15C93E}.Release|x64.Build.0 = Release|x64
		{ACEBD55A-EEA2-4AE9-8160-DFD65B15C93E}.Release|x86.ActiveCfg = Release|Win32
		{ACEBD55A-EEA2-4AE9-8160-DFD65B15C93E}.Release|x86.Build.0 = Release|Win32
		{66D58CCE-7AE7-41C3-ABF4-B9C918D5F747}.Debug|x64.ActiveCfg = Debug|x64
		{66D58CCE-7AE7-41C3-ABF4-B9C918D5F747}.Debug|x64.Build.0 = Debug|x64
		{66D58CCE-7AE7-41C3-ABF4-B9C918D5F747}.Debug|x86.ActiveCfg = Debug|Win32
		{66D58CCE-7AE7-41C3-ABF4-B9C918D5F747}.Debug|x86.Build.0 = Debug|Win32
		{66D58CCE-7AE7-41C3-ABF4-B9C918D5F747}.Release|x64.ActiveCfg = Release|x64
		{66D58CCE-7AE7-41C3-ABF4-B9C918D5F747}.Release|x64.Build.0 = Release|x64
		{66D58CCE-7AE7-41C3-ABF4-B9C918D5F747}.Release|x86.ActiveCfg = Release|Win32
		{66D58CCE-7AE7-41C3-ABF4-B9C918D5F747}.Release|x86.Build.0 = Release|Win32
		{40A864A0-6E38-4E41-8445-7A44A30A69C7}.Debug|x64.ActiveCfg = Debug|x64
		{40A864A0-6E38-4E41-8445-7A44A30A69C7}.Debug|x64.Build.0 = Debug|x64
		{40A864A0-6E38-4E41-8445-7A44A30A69C7}.Debug|x86.ActiveCfg = Debug|Win32
		{40A864A0-6E38-4E41-8445-7A44A30A69C7}.Debug|x86.Build.0 = Debug|Win32
		{40A864A0-6E38-4E41-8445-7A44A30A69C7}.Release|x64.ActiveCfg = Release|x64
		{40A864A0-6E38-4E41-8445-7A44A30A69C7}.Release|x64.Build.0 = Release|x64
		{40A864A0-6E38-4E41-8445-7A44A30A69C7}.Release|x86.ActiveCfg = Release|Win32
		{40A864A0-6E38-4E41-8445-7A44A30A69C7}.Release|x86.Build.0 = Release|Win32
		{12A29A27-9893-4B1A-9A33-C81CC0577982}.Debug|x64.ActiveCfg = Debug|x64
		{12A29A27-9893-4B1A-9A33-C81CC0577982}.Debug|x64.Build.0 = Debug|x64
		{12A29A27-9893-4B1A-9A33-C81CC0577982}.Debug|x86.ActiveCfg = Debug|Win32
		{12A29A27-9893-4B1A-9A33-C81CC0577982}.Debug|x86.Build.0 = Debug|Win32
		{12A29A27-9893-4B1A-9A33-C81CC0577982}.Release|x64.ActiveCfg = Release|x64
		{12A29A27-9893-4B1A-9A33-C81CC0577982}.Release|x64.Build.0 = Release|x64
		{12A29A27-9893-4B1A-9A33-C81CC0577982}.Release|x86.ActiveCfg = Release|Win32
		{12A29A27-9893-4B1A-9A33-C81CC0577982}.Release|x86.Build.0 = Release|Win32
		{6A6537D4-C84E-4387-8310-AE47F1FB9B27}.Debug|x64.ActiveCfg = Debug|x64
		{6A6537D4-C84E-4387-8310-AE47F1FB9B27}.Debug|x64.Build.0 = Debug|x64
		{6A6537D4-C84E-4387-8310-AE47F1FB9B27}.Debug|x86.ActiveCfg = Debug|Win32
		{6A6537D4-C84E-4387-8310-AE47F1FB9B27}.Debug|x86.Build.0 = Debug|Win32
		{6A6537D4-C84E-4387-8310-AE47F1FB9B27}.Release|x64.ActiveCfg = Release|x64
		{6A6537D4-C84E-4387-8310-AE47F1FB9B27}.Release|x64.Build.0 = Release|x64
		{6A6537D4-C84E-4387-8310-AE47F1FB9B27}.Release|x86.ActiveCfg = Release|Win32
		{6A6537D4-C84E-4387-8310-AE47F1FB9B27}.Release|x86.Build.0 = Release|Win32
		{A10684FB-CBD2-4A6C-B1D0-22FDC4B973B4}.Debug|x64.ActiveCfg = Debug|x64
		{A10684FB-CBD2-4A6C-B1D0-22FDC4B973B4}.Debug|x64.Build.0 = Debug|x64
		{A10684FB-CBD2-4A6C-B1D0-22FDC4B973B4}.Debug|x86.ActiveCfg = Debug|Win32
		{A10684FB-CBD2-4A6C-B1D0-22FDC4B973B4}.Debug|x86.Build.0 = Debug|Win32
		{A10684FB-CBD2-4A6C-B1D0-22FDC4B973B4}.Release|x64.ActiveCfg = Release|x64
		{A10684FB-CBD2-4A6C-B1D0-22FDC4B973B4}.Release|x64.Build.0 = Release|x64
		{A10684FB-CBD2-4A6C-B1D0-22FDC4B973B4}.Release|x86.ActiveCfg = Release|Win32
		{A10684FB-CBD2-4A6C-B1D0-22FDC4B973B4}.Release|x86.Build.0 = Release|Win32
		{93D5C5D0-5C70-4372-8045-85E5CA6A2840}.Debug|x64.ActiveCfg = Debug|x64
		{93D5C5D0-5C70-4372-8045-85E5CA6A2840}.Debug|x64.Build.0 = Debug|x64
		{93D5C5D0-5C70-4372-8045-85E5CA6A2840}.Debug|x86.ActiveCfg = Debug|Win32
		{93D5C5D0-5C70-4372-8045-85E5CA6A2840}.Debug|x86.Build.0 = Debug|Win32
		{93D5C5D0-5C70-4372-8045-85E5CA6A2840}.Release|x64.ActiveCfg = Release|x64
		{93D5C5D0-5C70-4372-8045-85E5CA6A2840}.Release|x64.Build.0 = Release|x64
		{93D5C5D0-5C70-4372-8045-85E5CA6A2840}.Release|x86.ActiveCfg = Release|Win32
		{93D5C5D0-5C70-4372-8045-85E5CA6A2840}.Release|x86.Build.0 = Release|Win32
		{CBA33476-25F9-4565-A667-E96A47C9A9F7}.Debug|x64.ActiveCfg = Debug|x64
		{CBA33476-25F9-4565-A667-E96A47C9A9F7}.Debug|x64.Build.0 = Debug|x64
		{CBA33476-25F9-4565-A667-E96A47C9A9F7}.Debug|x86.ActiveCfg = Debug|Win32
		{CBA33476-25F9-4565-A667-E96A47C9A9F7}.Debug|x86.Build.0 = Debug|Win32
		{CBA33476-25F9-4565-A667-E96A47C9A9F7}.Release|x64.ActiveCfg = Release|x64
		{CBA33476-25F9-4565-A667-E96A47C9A9F7}.Release|x64.Build.0 = Release|x64
		{CBA33476-25F9-4565-A667-E96A47C9A9F7}.Release|x86.ActiveCfg = Release|Win32
		{CBA33476-25F9-4565-A667-E96A47C9A9F7}.Release|x86.Build.0 = Release|Win32
		{DC7A61C1-B4EB-444C-B759-7E592199AF28}.Debug|x64.ActiveCfg = Debug|x64
		{DC7A61C1-B4EB-444C-B759-7E592199AF28}.Debug|x64.Build.0 = Debug|x64
		{DC7A61C1-B4EB-444C-B759-7E592199AF28}.Debug|x86.ActiveCfg = Debug|Win32
		{DC7A61C1-B4EB-444C-B759-7E592199AF28}.Debug|x86.Build.0 = Debug|Win32
		{DC7A61C1-B4EB-444C-B759-7E592199AF28}.Release|x64.ActiveCfg = Release|x64
		{DC7A61C1-B4EB-444C-B759-7E592199AF28}.Release|x64.Build.0 = Release|x64
		{DC7A61C1-B4EB-444C-B759-7E592199AF28}.Release|x86.ActiveCfg = Release|Win32
		{DC7A61C1-B4EB-444C-B759-7E592199AF28}.Release|x86.Build.0 = Release|Win32
	EndGlobalSection
	GlobalSection(SolutionProperties) = preSolution
		HideSolutionNode = FALSE
	EndGlobalSection
	GlobalSection(ExtensibilityGlobals) = postSolution
		SolutionGuid = {02F06B8A-1721-4FD3-B4F9-593AEFD3567D}
	EndGlobalSection
EndGlobal
