
Microsoft Visual Studio Solution File, Format Version 12.00
# Visual Studio Version 16
VisualStudioVersion = 16.0.28803.452
MinimumVisualStudioVersion = 10.0.40219.1
Project("{8BC9CEB8-8B4A-11D0-8D11-00A0C91BC942}") = "Lecture1", "Lecture1\Lecture1.vcxproj", "{3F465748-6E96-489B-91D5-7107E9C43F46}"
EndProject
Project("{8BC9CEB8-8B4A-11D0-8D11-00A0C91BC942}") = "Lecture2", "Lecture2\Lecture2.vcxproj", "{9B34DF82-50FB-41EE-AA8E-8F19CB36FB2E}"
EndProject
Project("{8BC9CEB8-8B4A-11D0-8D11-00A0C91BC942}") = "Lecture3", "Lecture3\Lecture3.vcxproj", "{50FACFF7-450E-474E-B222-49C707F9422B}"
EndProject
Project("{8BC9CEB8-8B4A-11D0-8D11-00A0C91BC942}") = "Lecture4", "Lecture4\Lecture4.vcxproj", "{26BBB01B-8697-42B7-84FE-1154B32257FC}"
EndProject
Project("{8BC9CEB8-8B4A-11D0-8D11-00A0C91BC942}") = "Lecture5", "Lecture5\Lecture5.vcxproj", "{B1C2BE1F-49BF-4D3F-849E-32D6E80EB3C7}"
EndProject
Project("{8BC9CEB8-8B4A-11D0-8D11-00A0C91BC942}") = "Lecture6", "Lecture6\Lecture6.vcxproj", "{E2BA7942-F055-4645-8FC7-83BBC582C5AB}"
EndProject
Project("{8BC9CEB8-8B4A-11D0-8D11-00A0C91BC942}") = "Lecture7", "Lecture7\Lecture7.vcxproj", "{D8ED202B-8F88-4C19-B5F6-A812C8873451}"
EndProject
Project("{8BC9CEB8-8B4A-11D0-8D11-00A0C91BC942}") = "Lecture8", "Lecture8\Lecture8.vcxproj", "{8500D4E9-5258-443E-914E-C6E6D914058B}"
EndProject
Project("{8BC9CEB8-8B4A-11D0-8D11-00A0C91BC942}") = "Lecture9", "Lecture9\Lecture9.vcxproj", "{38F00BA7-C8E1-4FB4-A2D8-3B9697F95BEE}"
EndProject
Project("{8BC9CEB8-8B4A-11D0-8D11-00A0C91BC942}") = "Lecture10", "Lecture10\Lecture10.vcxproj", "{CA3988CB-85D8-4C9F-B5C6-6D07C1A9E4E0}"
EndProject
Project("{8BC9CEB8-8B4A-11D0-8D11-00A0C91BC942}") = "Lecture11", "Lecture11\Lecture11.vcxproj", "{B06C0591-A1FF-4BBB-A8D8-31E129CB2D6B}"
EndProject
Project("{8BC9CEB8-8B4A-11D0-8D11-00A0C91BC942}") = "Lecture12", "Lecture12\Lecture12.vcxproj", "{9920747C-8108-49B7-A4FB-8C2E08341941}"
EndProject
Project("{8BC9CEB8-8B4A-11D0-8D11-00A0C91BC942}") = "Lecture13", "Lecture13\Lecture13.vcxproj", "{F9C870E1-85FE-4D1C-9531-5271126839FD}"
EndProject
Project("{8BC9CEB8-8B4A-11D0-8D11-00A0C91BC942}") = "Lecture14", "Lecture14\Lecture14.vcxproj", "{8D4FC7D8-9979-4576-A984-80020DB61E11}"
EndProject
Project("{8BC9CEB8-8B4A-11D0-8D11-00A0C91BC942}") = "Lecture15", "Lecture15\Lecture15.vcxproj", "{E2C63305-AF3B-4A74-9CFA-21F012FFAB41}"
EndProject
Project("{8BC9CEB8-8B4A-11D0-8D11-00A0C91BC942}") = "Lecture16", "Lecture16\Lecture16.vcxproj", "{BEFD4FCF-07F9-4A2F-8C3A-2481512763F3}"
EndProject
Project("{8BC9CEB8-8B4A-11D0-8D11-00A0C91BC942}") = "Lecture17", "Lecture17\Lecture17.vcxproj", "{AC08598B-D196-4377-ACD3-72DFF19DD14C}"
EndProject
Project("{8BC9CEB8-8B4A-11D0-8D11-00A0C91BC942}") = "Lecture18", "Lecture18\Lecture18.vcxproj", "{F4660E27-4731-4578-BA40-2F880C89D889}"
EndProject
Global
	GlobalSection(SolutionConfigurationPlatforms) = preSolution
		Debug|x64 = Debug|x64
		Debug|x86 = Debug|x86
		Release|x64 = Release|x64
		Release|x86 = Release|x86
	EndGlobalSection
	GlobalSection(ProjectConfigurationPlatforms) = postSolution
		{3F465748-6E96-489B-91D5-7107E9C43F46}.Debug|x64.ActiveCfg = Debug|x64
		{3F465748-6E96-489B-91D5-7107E9C43F46}.Debug|x64.Build.0 = Debug|x64
		{3F465748-6E96-489B-91D5-7107E9C43F46}.Debug|x86.ActiveCfg = Debug|Win32
		{3F465748-6E96-489B-91D5-7107E9C43F46}.Debug|x86.Build.0 = Debug|Win32
		{3F465748-6E96-489B-91D5-7107E9C43F46}.Release|x64.ActiveCfg = Release|x64
		{3F465748-6E96-489B-91D5-7107E9C43F46}.Release|x64.Build.0 = Release|x64
		{3F465748-6E96-489B-91D5-7107E9C43F46}.Release|x86.ActiveCfg = Release|Win32
		{3F465748-6E96-489B-91D5-7107E9C43F46}.Release|x86.Build.0 = Release|Win32
		{9B34DF82-50FB-41EE-AA8E-8F19CB36FB2E}.Debug|x64.ActiveCfg = Debug|x64
		{9B34DF82-50FB-41EE-AA8E-8F19CB36FB2E}.Debug|x64.Build.0 = Debug|x64
		{9B34DF82-50FB-41EE-AA8E-8F19CB36FB2E}.Debug|x86.ActiveCfg = Debug|Win32
		{9B34DF82-50FB-41EE-AA8E-8F19CB36FB2E}.Debug|x86.Build.0 = Debug|Win32
		{9B34DF82-50FB-41EE-AA8E-8F19CB36FB2E}.Release|x64.ActiveCfg = Release|x64
		{9B34DF82-50FB-41EE-AA8E-8F19CB36FB2E}.Release|x64.Build.0 = Release|x64
		{9B34DF82-50FB-41EE-AA8E-8F19CB36FB2E}.Release|x86.ActiveCfg = Release|Win32
		{9B34DF82-50FB-41EE-AA8E-8F19CB36FB2E}.Release|x86.Build.0 = Release|Win32
		{50FACFF7-450E-474E-B222-49C707F9422B}.Debug|x64.ActiveCfg = Debug|x64
		{50FACFF7-450E-474E-B222-49C707F9422B}.Debug|x64.Build.0 = Debug|x64
		{50FACFF7-450E-474E-B222-49C707F9422B}.Debug|x86.ActiveCfg = Debug|Win32
		{50FACFF7-450E-474E-B222-49C707F9422B}.Debug|x86.Build.0 = Debug|Win32
		{50FACFF7-450E-474E-B222-49C707F9422B}.Release|x64.ActiveCfg = Release|x64
		{50FACFF7-450E-474E-B222-49C707F9422B}.Release|x64.Build.0 = Release|x64
		{50FACFF7-450E-474E-B222-49C707F9422B}.Release|x86.ActiveCfg = Release|Win32
		{50FACFF7-450E-474E-B222-49C707F9422B}.Release|x86.Build.0 = Release|Win32
		{26BBB01B-8697-42B7-84FE-1154B32257FC}.Debug|x64.ActiveCfg = Debug|x64
		{26BBB01B-8697-42B7-84FE-1154B32257FC}.Debug|x64.Build.0 = Debug|x64
		{26BBB01B-8697-42B7-84FE-1154B32257FC}.Debug|x86.ActiveCfg = Debug|Win32
		{26BBB01B-8697-42B7-84FE-1154B32257FC}.Debug|x86.Build.0 = Debug|Win32
		{26BBB01B-8697-42B7-84FE-1154B32257FC}.Release|x64.ActiveCfg = Release|x64
		{26BBB01B-8697-42B7-84FE-1154B32257FC}.Release|x64.Build.0 = Release|x64
		{26BBB01B-8697-42B7-84FE-1154B32257FC}.Release|x86.ActiveCfg = Release|Win32
		{26BBB01B-8697-42B7-84FE-1154B32257FC}.Release|x86.Build.0 = Release|Win32
		{B1C2BE1F-49BF-4D3F-849E-32D6E80EB3C7}.Debug|x64.ActiveCfg = Debug|x64
		{B1C2BE1F-49BF-4D3F-849E-32D6E80EB3C7}.Debug|x64.Build.0 = Debug|x64
		{B1C2BE1F-49BF-4D3F-849E-32D6E80EB3C7}.Debug|x86.ActiveCfg = Debug|Win32
		{B1C2BE1F-49BF-4D3F-849E-32D6E80EB3C7}.Debug|x86.Build.0 = Debug|Win32
		{B1C2BE1F-49BF-4D3F-849E-32D6E80EB3C7}.Release|x64.ActiveCfg = Release|x64
		{B1C2BE1F-49BF-4D3F-849E-32D6E80EB3C7}.Release|x64.Build.0 = Release|x64
		{B1C2BE1F-49BF-4D3F-849E-32D6E80EB3C7}.Release|x86.ActiveCfg = Release|Win32
		{B1C2BE1F-49BF-4D3F-849E-32D6E80EB3C7}.Release|x86.Build.0 = Release|Win32
		{E2BA7942-F055-4645-8FC7-83BBC582C5AB}.Debug|x64.ActiveCfg = Debug|x64
		{E2BA7942-F055-4645-8FC7-83BBC582C5AB}.Debug|x64.Build.0 = Debug|x64
		{E2BA7942-F055-4645-8FC7-83BBC582C5AB}.Debug|x86.ActiveCfg = Debug|Win32
		{E2BA7942-F055-4645-8FC7-83BBC582C5AB}.Debug|x86.Build.0 = Debug|Win32
		{E2BA7942-F055-4645-8FC7-83BBC582C5AB}.Release|x64.ActiveCfg = Release|x64
		{E2BA7942-F055-4645-8FC7-83BBC582C5AB}.Release|x64.Build.0 = Release|x64
		{E2BA7942-F055-4645-8FC7-83BBC582C5AB}.Release|x86.ActiveCfg = Release|Win32
		{E2BA7942-F055-4645-8FC7-83BBC582C5AB}.Release|x86.Build.0 = Release|Win32
		{D8ED202B-8F88-4C19-B5F6-A812C8873451}.Debug|x64.ActiveCfg = Debug|x64
		{D8ED202B-8F88-4C19-B5F6-A812C8873451}.Debug|x64.Build.0 = Debug|x64
		{D8ED202B-8F88-4C19-B5F6-A812C8873451}.Debug|x86.ActiveCfg = Debug|Win32
		{D8ED202B-8F88-4C19-B5F6-A812C8873451}.Debug|x86.Build.0 = Debug|Win32
		{D8ED202B-8F88-4C19-B5F6-A812C8873451}.Release|x64.ActiveCfg = Release|x64
		{D8ED202B-8F88-4C19-B5F6-A812C8873451}.Release|x64.Build.0 = Release|x64
		{D8ED202B-8F88-4C19-B5F6-A812C8873451}.Release|x86.ActiveCfg = Release|Win32
		{D8ED202B-8F88-4C19-B5F6-A812C8873451}.Release|x86.Build.0 = Release|Win32
		{8500D4E9-5258-443E-914E-C6E6D914058B}.Debug|x64.ActiveCfg = Debug|x64
		{8500D4E9-5258-443E-914E-C6E6D914058B}.Debug|x64.Build.0 = Debug|x64
		{8500D4E9-5258-443E-914E-C6E6D914058B}.Debug|x86.ActiveCfg = Debug|Win32
		{8500D4E9-5258-443E-914E-C6E6D914058B}.Debug|x86.Build.0 = Debug|Win32
		{8500D4E9-5258-443E-914E-C6E6D914058B}.Release|x64.ActiveCfg = Release|x64
		{8500D4E9-5258-443E-914E-C6E6D914058B}.Release|x64.Build.0 = Release|x64
		{8500D4E9-5258-443E-914E-C6E6D914058B}.Release|x86.ActiveCfg = Release|Win32
		{8500D4E9-5258-443E-914E-C6E6D914058B}.Release|x86.Build.0 = Release|Win32
		{38F00BA7-C8E1-4FB4-A2D8-3B9697F95BEE}.Debug|x64.ActiveCfg = Debug|x64
		{38F00BA7-C8E1-4FB4-A2D8-3B9697F95BEE}.Debug|x64.Build.0 = Debug|x64
		{38F00BA7-C8E1-4FB4-A2D8-3B9697F95BEE}.Debug|x86.ActiveCfg = Debug|Win32
		{38F00BA7-C8E1-4FB4-A2D8-3B9697F95BEE}.Debug|x86.Build.0 = Debug|Win32
		{38F00BA7-C8E1-4FB4-A2D8-3B9697F95BEE}.Release|x64.ActiveCfg = Release|x64
		{38F00BA7-C8E1-4FB4-A2D8-3B9697F95BEE}.Release|x64.Build.0 = Release|x64
		{38F00BA7-C8E1-4FB4-A2D8-3B9697F95BEE}.Release|x86.ActiveCfg = Release|Win32
		{38F00BA7-C8E1-4FB4-A2D8-3B9697F95BEE}.Release|x86.Build.0 = Release|Win32
		{CA3988CB-85D8-4C9F-B5C6-6D07C1A9E4E0}.Debug|x64.ActiveCfg = Debug|x64
		{CA3988CB-85D8-4C9F-B5C6-6D07C1A9E4E0}.Debug|x64.Build.0 = Debug|x64
		{CA3988CB-85D8-4C9F-B5C6-6D07C1A9E4E0}.Debug|x86.ActiveCfg = Debug|Win32
		{CA3988CB-85D8-4C9F-B5C6-6D07C1A9E4E0}.Debug|x86.Build.0 = Debug|Win32
		{CA3988CB-85D8-4C9F-B5C6-6D07C1A9E4E0}.Release|x64.ActiveCfg = Release|x64
		{CA3988CB-85D8-4C9F-B5C6-6D07C1A9E4E0}.Release|x64.Build.0 = Release|x64
		{CA3988CB-85D8-4C9F-B5C6-6D07C1A9E4E0}.Release|x86.ActiveCfg = Release|Win32
		{CA3988CB-85D8-4C9F-B5C6-6D07C1A9E4E0}.Release|x86.Build.0 = Release|Win32
		{B06C0591-A1FF-4BBB-A8D8-31E129CB2D6B}.Debug|x64.ActiveCfg = Debug|x64
		{B06C0591-A1FF-4BBB-A8D8-31E129CB2D6B}.Debug|x64.Build.0 = Debug|x64
		{B06C0591-A1FF-4BBB-A8D8-31E129CB2D6B}.Debug|x86.ActiveCfg = Debug|Win32
		{B06C0591-A1FF-4BBB-A8D8-31E129CB2D6B}.Debug|x86.Build.0 = Debug|Win32
		{B06C0591-A1FF-4BBB-A8D8-31E129CB2D6B}.Release|x64.ActiveCfg = Release|x64
		{B06C0591-A1FF-4BBB-A8D8-31E129CB2D6B}.Release|x64.Build.0 = Release|x64
		{B06C0591-A1FF-4BBB-A8D8-31E129CB2D6B}.Release|x86.ActiveCfg = Release|Win32
		{B06C0591-A1FF-4BBB-A8D8-31E129CB2D6B}.Release|x86.Build.0 = Release|Win32
		{9920747C-8108-49B7-A4FB-8C2E08341941}.Debug|x64.ActiveCfg = Debug|x64
		{9920747C-8108-49B7-A4FB-8C2E08341941}.Debug|x64.Build.0 = Debug|x64
		{9920747C-8108-49B7-A4FB-8C2E08341941}.Debug|x86.ActiveCfg = Debug|Win32
		{9920747C-8108-49B7-A4FB-8C2E08341941}.Debug|x86.Build.0 = Debug|Win32
		{9920747C-8108-49B7-A4FB-8C2E08341941}.Release|x64.ActiveCfg = Release|x64
		{9920747C-8108-49B7-A4FB-8C2E08341941}.Release|x64.Build.0 = Release|x64
		{9920747C-8108-49B7-A4FB-8C2E08341941}.Release|x86.ActiveCfg = Release|Win32
		{9920747C-8108-49B7-A4FB-8C2E08341941}.Release|x86.Build.0 = Release|Win32
		{F9C870E1-85FE-4D1C-9531-5271126839FD}.Debug|x64.ActiveCfg = Debug|x64
		{F9C870E1-85FE-4D1C-9531-5271126839FD}.Debug|x64.Build.0 = Debug|x64
		{F9C870E1-85FE-4D1C-9531-5271126839FD}.Debug|x86.ActiveCfg = Debug|Win32
		{F9C870E1-85FE-4D1C-9531-5271126839FD}.Debug|x86.Build.0 = Debug|Win32
		{F9C870E1-85FE-4D1C-9531-5271126839FD}.Release|x64.ActiveCfg = Release|x64
		{F9C870E1-85FE-4D1C-9531-5271126839FD}.Release|x64.Build.0 = Release|x64
		{F9C870E1-85FE-4D1C-9531-5271126839FD}.Release|x86.ActiveCfg = Release|Win32
		{F9C870E1-85FE-4D1C-9531-5271126839FD}.Release|x86.Build.0 = Release|Win32
		{8D4FC7D8-9979-4576-A984-80020DB61E11}.Debug|x64.ActiveCfg = Debug|x64
		{8D4FC7D8-9979-4576-A984-80020DB61E11}.Debug|x64.Build.0 = Debug|x64
		{8D4FC7D8-9979-4576-A984-80020DB61E11}.Debug|x86.ActiveCfg = Debug|Win32
		{8D4FC7D8-9979-4576-A984-80020DB61E11}.Debug|x86.Build.0 = Debug|Win32
		{8D4FC7D8-9979-4576-A984-80020DB61E11}.Release|x64.ActiveCfg = Release|x64
		{8D4FC7D8-9979-4576-A984-80020DB61E11}.Release|x64.Build.0 = Release|x64
		{8D4FC7D8-9979-4576-A984-80020DB61E11}.Release|x86.ActiveCfg = Release|Win32
		{8D4FC7D8-9979-4576-A984-80020DB61E11}.Release|x86.Build.0 = Release|Win32
		{E2C63305-AF3B-4A74-9CFA-21F012FFAB41}.Debug|x64.ActiveCfg = Debug|x64
		{E2C63305-AF3B-4A74-9CFA-21F012FFAB41}.Debug|x64.Build.0 = Debug|x64
		{E2C63305-AF3B-4A74-9CFA-21F012FFAB41}.Debug|x86.ActiveCfg = Debug|Win32
		{E2C63305-AF3B-4A74-9CFA-21F012FFAB41}.Debug|x86.Build.0 = Debug|Win32
		{E2C63305-AF3B-4A74-9CFA-21F012FFAB41}.Release|x64.ActiveCfg = Release|x64
		{E2C63305-AF3B-4A74-9CFA-21F012FFAB41}.Release|x64.Build.0 = Release|x64
		{E2C63305-AF3B-4A74-9CFA-21F012FFAB41}.Release|x86.ActiveCfg = Release|Win32
		{E2C63305-AF3B-4A74-9CFA-21F012FFAB41}.Release|x86.Build.0 = Release|Win32
		{BEFD4FCF-07F9-4A2F-8C3A-2481512763F3}.Debug|x64.ActiveCfg = Debug|x64
		{BEFD4FCF-07F9-4A2F-8C3A-2481512763F3}.Debug|x64.Build.0 = Debug|x64
		{BEFD4FCF-07F9-4A2F-8C3A-2481512763F3}.Debug|x86.ActiveCfg = Debug|Win32
		{BEFD4FCF-07F9-4A2F-8C3A-2481512763F3}.Debug|x86.Build.0 = Debug|Win32
		{BEFD4FCF-07F9-4A2F-8C3A-2481512763F3}.Release|x64.ActiveCfg = Release|x64
		{BEFD4FCF-07F9-4A2F-8C3A-2481512763F3}.Release|x64.Build.0 = Release|x64
		{BEFD4FCF-07F9-4A2F-8C3A-2481512763F3}.Release|x86.ActiveCfg = Release|Win32
		{BEFD4FCF-07F9-4A2F-8C3A-2481512763F3}.Release|x86.Build.0 = Release|Win32
		{AC08598B-D196-4377-ACD3-72DFF19DD14C}.Debug|x64.ActiveCfg = Debug|x64
		{AC08598B-D196-4377-ACD3-72DFF19DD14C}.Debug|x64.Build.0 = Debug|x64
		{AC08598B-D196-4377-ACD3-72DFF19DD14C}.Debug|x86.ActiveCfg = Debug|Win32
		{AC08598B-D196-4377-ACD3-72DFF19DD14C}.Debug|x86.Build.0 = Debug|Win32
		{AC08598B-D196-4377-ACD3-72DFF19DD14C}.Release|x64.ActiveCfg = Release|x64
		{AC08598B-D196-4377-ACD3-72DFF19DD14C}.Release|x64.Build.0 = Release|x64
		{AC08598B-D196-4377-ACD3-72DFF19DD14C}.Release|x86.ActiveCfg = Release|Win32
		{AC08598B-D196-4377-ACD3-72DFF19DD14C}.Release|x86.Build.0 = Release|Win32
		{F4660E27-4731-4578-BA40-2F880C89D889}.Debug|x64.ActiveCfg = Debug|x64
		{F4660E27-4731-4578-BA40-2F880C89D889}.Debug|x64.Build.0 = Debug|x64
		{F4660E27-4731-4578-BA40-2F880C89D889}.Debug|x86.ActiveCfg = Debug|Win32
		{F4660E27-4731-4578-BA40-2F880C89D889}.Debug|x86.Build.0 = Debug|Win32
		{F4660E27-4731-4578-BA40-2F880C89D889}.Release|x64.ActiveCfg = Release|x64
		{F4660E27-4731-4578-BA40-2F880C89D889}.Release|x64.Build.0 = Release|x64
		{F4660E27-4731-4578-BA40-2F880C89D889}.Release|x86.ActiveCfg = Release|Win32
		{F4660E27-4731-4578-BA40-2F880C89D889}.Release|x86.Build.0 = Release|Win32
	EndGlobalSection
	GlobalSection(SolutionProperties) = preSolution
		HideSolutionNode = FALSE
	EndGlobalSection
	GlobalSection(ExtensibilityGlobals) = postSolution
		SolutionGuid = {19DAA0AF-CD0D-4301-AA77-8FF34B74C513}
	EndGlobalSection
EndGlobal
