
Microsoft Visual Studio Solution File, Format Version 12.00
# Visual Studio Version 16
VisualStudioVersion = 16.0.29123.88
MinimumVisualStudioVersion = 10.0.40219.1
Project("{8BC9CEB8-8B4A-11D0-8D11-00A0C91BC942}") = "01_StructureIntro", "01_StructureIntro\01_StructureIntro.vcxproj", "{55319F06-16A1-46C5-8506-7DF6892A5BFB}"
EndProject
Project("{8BC9CEB8-8B4A-11D0-8D11-00A0C91BC942}") = "02_Defining", "Defining\Defining.vcxproj", "{68FFCA63-14BC-47C7-80FC-7E6EB767EC5D}"
EndProject
Project("{8BC9CEB8-8B4A-11D0-8D11-00A0C91BC942}") = "03_StructMemoryAlloc", "03_StructMemoryAlloc\03_StructMemoryAlloc.vcxproj", "{A8EB2B84-D9BF-4497-9AC9-1C0A9F0E0794}"
EndProject
Project("{8BC9CEB8-8B4A-11D0-8D11-00A0C91BC942}") = "04_ArraysOfStructures(ANS)", "04_ArraysOfStructures\04_ArraysOfStructures.vcxproj", "{36F2CF15-780B-4C32-ABBB-5B8D7E079F80}"
EndProject
Project("{8BC9CEB8-8B4A-11D0-8D11-00A0C91BC942}") = "04_ArraysOfStructures(PROB)", "04_ArraysOfStructures(PROB)\04_ArraysOfStructures(PROB).vcxproj", "{5801FF42-5759-4EE3-B136-C324692D5E3B}"
EndProject
Project("{8BC9CEB8-8B4A-11D0-8D11-00A0C91BC942}") = "05_NestedStructures(PROB)", "05_NestedStructures\05_NestedStructures.vcxproj", "{0E33FA7D-FE50-4C1C-9112-354ABD882C3A}"
EndProject
Project("{8BC9CEB8-8B4A-11D0-8D11-00A0C91BC942}") = "05_NestedStructures(ANS)", "05_NestedStructures(ANS)\05_NestedStructures(ANS).vcxproj", "{46B94EB3-89D8-432A-8700-11A9E0361931}"
EndProject
Project("{8BC9CEB8-8B4A-11D0-8D11-00A0C91BC942}") = "11_FlexibleArrayMembers", "0X_FlexibleArrayMembers\0X_FlexibleArrayMembers.vcxproj", "{AA496D4E-2F86-4B81-8A33-15A5653C4A5A}"
EndProject
Project("{8BC9CEB8-8B4A-11D0-8D11-00A0C91BC942}") = "06_PointersToStructures", "06_PointersToStructures\06_PointersToStructures.vcxproj", "{1C7DECF8-80B5-4850-AE32-AC1C295059D8}"
EndProject
Project("{8BC9CEB8-8B4A-11D0-8D11-00A0C91BC942}") = "06_PointersToStructures_B", "06_PointersToStructures_B\06_PointersToStructures_B.vcxproj", "{113AACAB-C1D0-4B81-A61D-BBCE43653532}"
EndProject
Project("{8BC9CEB8-8B4A-11D0-8D11-00A0C91BC942}") = "06_PointersToStructures_C", "06_PointersToStructures_C\06_PointersToStructures_C.vcxproj", "{E8353850-43AB-485E-BF53-F3C6B7A15B00}"
EndProject
Project("{8BC9CEB8-8B4A-11D0-8D11-00A0C91BC942}") = "07_StructuresToFunctions", "07_StructuresToFunctions\07_StructuresToFunctions.vcxproj", "{DF90650E-6317-407C-8722-12D3BE0F7092}"
EndProject
Project("{8BC9CEB8-8B4A-11D0-8D11-00A0C91BC942}") = "08_StructuresAndFunctions1_ANS", "08_StructuresAndFunctions_ANS\08_StructuresAndFunctions_ANS.vcxproj", "{7D159B6B-9554-429F-AD70-6E83482850CA}"
EndProject
Project("{8BC9CEB8-8B4A-11D0-8D11-00A0C91BC942}") = "08_StructuresAndFunctions2_ANS", "08_StructuresAndFunctions2_ANS\08_StructuresAndFunctions2_ANS.vcxproj", "{4DF9D595-7892-44A3-AC04-6357A338719F}"
EndProject
Project("{8BC9CEB8-8B4A-11D0-8D11-00A0C91BC942}") = "09_StructureAndMalloc_ANS", "09_StructureAndMalloc_ANS\09_StructureAndMalloc_ANS.vcxproj", "{AEE00D4F-AFFE-44A3-A9FE-21D118F39806}"
EndProject
Project("{8BC9CEB8-8B4A-11D0-8D11-00A0C91BC942}") = "10_CompoundLiterals", "10_CompoundLiterals\10_CompoundLiterals.vcxproj", "{363AC146-7DC1-448F-8BDF-F23467E05F50}"
EndProject
Project("{8BC9CEB8-8B4A-11D0-8D11-00A0C91BC942}") = "12_AnonymousStructures", "12_AnonymousStructures\12_AnonymousStructures.vcxproj", "{6382DD94-BE66-4EE0-BE7A-EF283720D0F7}"
EndProject
Project("{8BC9CEB8-8B4A-11D0-8D11-00A0C91BC942}") = "13_StructureArrayAndFunction", "13_StructureArrayAndFunction\13_StructureArrayAndFunction.vcxproj", "{523856C7-5D2F-4B52-B3C8-B70348D62CF8}"
EndProject
Project("{8BC9CEB8-8B4A-11D0-8D11-00A0C91BC942}") = "14_SavingStructuresInFiles", "14_SavingStructuresInFiles\14_SavingStructuresInFiles.vcxproj", "{BA3CF2A1-FF9B-4D7F-AD89-3E8763BABB4F}"
EndProject
Project("{8BC9CEB8-8B4A-11D0-8D11-00A0C91BC942}") = "14_SavingStructuresInFiles_Binary", "14_SavingStructuresInFiles_Binary\14_SavingStructuresInFiles_Binary.vcxproj", "{B6A93364-7008-477F-B317-9FAC4D0C0BB8}"
EndProject
Project("{8BC9CEB8-8B4A-11D0-8D11-00A0C91BC942}") = "15_Unions", "15_Unions\15_Unions.vcxproj", "{F148A244-992A-4318-85B2-64CBD4B1DA63}"
EndProject
Project("{8BC9CEB8-8B4A-11D0-8D11-00A0C91BC942}") = "16_UnionsAndStructures", "16_AnonymousUnions\16_AnonymousUnions.vcxproj", "{0722002C-4FA5-4474-BA97-0E642C2CF97E}"
EndProject
Project("{8BC9CEB8-8B4A-11D0-8D11-00A0C91BC942}") = "17_AnonymousUnions", "17_AnonymousUnions\17_AnonymousUnions.vcxproj", "{1F57761D-CD18-4451-84CF-3D77134EA48B}"
EndProject
Project("{8BC9CEB8-8B4A-11D0-8D11-00A0C91BC942}") = "18_EnumeratedTypes", "18_EnumeratedTypes\18_EnumeratedTypes.vcxproj", "{DF841788-200A-4649-A38C-E5A2554A1F5C}"
EndProject
Project("{8BC9CEB8-8B4A-11D0-8D11-00A0C91BC942}") = "18_EnumeratedTypes_EX", "18_EnumeratedTypes_EX\18_EnumeratedTypes_EX.vcxproj", "{F4B0A8CA-F990-40F1-AD56-60AF1FA3E123}"
EndProject
Project("{8BC9CEB8-8B4A-11D0-8D11-00A0C91BC942}") = "20_SharedNamespaces", "19_SharedNamespaces\19_SharedNamespaces.vcxproj", "{08EE6A88-484D-43F0-8B86-55A4CB29A22A}"
EndProject
Project("{8BC9CEB8-8B4A-11D0-8D11-00A0C91BC942}") = "23_Typedef", "21_Typedef\21_Typedef.vcxproj", "{B461FBF2-8ECC-45D3-8352-4A1277A0A7E6}"
EndProject
Project("{8BC9CEB8-8B4A-11D0-8D11-00A0C91BC942}") = "24_FancyDeclarations", "22_FancyDeclarations\22_FancyDeclarations.vcxproj", "{F19548A0-D820-4D5A-920A-EF81115E17F3}"
EndProject
Project("{8BC9CEB8-8B4A-11D0-8D11-00A0C91BC942}") = "22_FunctionsAndPointers", "23_FunctionsAndPointers\23_FunctionsAndPointers.vcxproj", "{1CB2853E-57C4-4AC0-BF87-1CD61F5FA7CF}"
EndProject
Project("{8BC9CEB8-8B4A-11D0-8D11-00A0C91BC942}") = "25_QSortAndFunctionPointer", "24_QSortAndFunctionPointer\24_QSortAndFunctionPointer.vcxproj", "{C919BA6E-26C7-4BB5-9C45-69171C7F8A17}"
EndProject
Project("{8BC9CEB8-8B4A-11D0-8D11-00A0C91BC942}") = "25_QSortAndFunctionPointer_B", "24_QSortAndFunctionPointer_B\24_QSortAndFunctionPointer_B.vcxproj", "{2B6F8A2A-2678-4201-9CC8-29CFDA576813}"
EndProject
Project("{8BC9CEB8-8B4A-11D0-8D11-00A0C91BC942}") = "26_ArrayOfFunctionPointers", "25_ArrayOfFunctionPointers\25_ArrayOfFunctionPointers.vcxproj", "{15F2E89F-F554-49E3-895C-AB9561F62D5C}"
EndProject
Project("{8BC9CEB8-8B4A-11D0-8D11-00A0C91BC942}") = "23_Typedef_B", "23_Typedef_B\23_Typedef_B.vcxproj", "{E7A59051-899B-4BC4-BB09-9C23E33CF98D}"
EndProject
Global
	GlobalSection(SolutionConfigurationPlatforms) = preSolution
		Debug|x64 = Debug|x64
		Debug|x86 = Debug|x86
		Release|x64 = Release|x64
		Release|x86 = Release|x86
	EndGlobalSection
	GlobalSection(ProjectConfigurationPlatforms) = postSolution
		{55319F06-16A1-46C5-8506-7DF6892A5BFB}.Debug|x64.ActiveCfg = Debug|x64
		{55319F06-16A1-46C5-8506-7DF6892A5BFB}.Debug|x64.Build.0 = Debug|x64
		{55319F06-16A1-46C5-8506-7DF6892A5BFB}.Debug|x86.ActiveCfg = Debug|Win32
		{55319F06-16A1-46C5-8506-7DF6892A5BFB}.Debug|x86.Build.0 = Debug|Win32
		{55319F06-16A1-46C5-8506-7DF6892A5BFB}.Release|x64.ActiveCfg = Release|x64
		{55319F06-16A1-46C5-8506-7DF6892A5BFB}.Release|x64.Build.0 = Release|x64
		{55319F06-16A1-46C5-8506-7DF6892A5BFB}.Release|x86.ActiveCfg = Release|Win32
		{55319F06-16A1-46C5-8506-7DF6892A5BFB}.Release|x86.Build.0 = Release|Win32
		{68FFCA63-14BC-47C7-80FC-7E6EB767EC5D}.Debug|x64.ActiveCfg = Debug|x64
		{68FFCA63-14BC-47C7-80FC-7E6EB767EC5D}.Debug|x64.Build.0 = Debug|x64
		{68FFCA63-14BC-47C7-80FC-7E6EB767EC5D}.Debug|x86.ActiveCfg = Debug|Win32
		{68FFCA63-14BC-47C7-80FC-7E6EB767EC5D}.Debug|x86.Build.0 = Debug|Win32
		{68FFCA63-14BC-47C7-80FC-7E6EB767EC5D}.Release|x64.ActiveCfg = Release|x64
		{68FFCA63-14BC-47C7-80FC-7E6EB767EC5D}.Release|x64.Build.0 = Release|x64
		{68FFCA63-14BC-47C7-80FC-7E6EB767EC5D}.Release|x86.ActiveCfg = Release|Win32
		{68FFCA63-14BC-47C7-80FC-7E6EB767EC5D}.Release|x86.Build.0 = Release|Win32
		{A8EB2B84-D9BF-4497-9AC9-1C0A9F0E0794}.Debug|x64.ActiveCfg = Debug|x64
		{A8EB2B84-D9BF-4497-9AC9-1C0A9F0E0794}.Debug|x64.Build.0 = Debug|x64
		{A8EB2B84-D9BF-4497-9AC9-1C0A9F0E0794}.Debug|x86.ActiveCfg = Debug|Win32
		{A8EB2B84-D9BF-4497-9AC9-1C0A9F0E0794}.Debug|x86.Build.0 = Debug|Win32
		{A8EB2B84-D9BF-4497-9AC9-1C0A9F0E0794}.Release|x64.ActiveCfg = Release|x64
		{A8EB2B84-D9BF-4497-9AC9-1C0A9F0E0794}.Release|x64.Build.0 = Release|x64
		{A8EB2B84-D9BF-4497-9AC9-1C0A9F0E0794}.Release|x86.ActiveCfg = Release|Win32
		{A8EB2B84-D9BF-4497-9AC9-1C0A9F0E0794}.Release|x86.Build.0 = Release|Win32
		{36F2CF15-780B-4C32-ABBB-5B8D7E079F80}.Debug|x64.ActiveCfg = Debug|x64
		{36F2CF15-780B-4C32-ABBB-5B8D7E079F80}.Debug|x64.Build.0 = Debug|x64
		{36F2CF15-780B-4C32-ABBB-5B8D7E079F80}.Debug|x86.ActiveCfg = Debug|Win32
		{36F2CF15-780B-4C32-ABBB-5B8D7E079F80}.Debug|x86.Build.0 = Debug|Win32
		{36F2CF15-780B-4C32-ABBB-5B8D7E079F80}.Release|x64.ActiveCfg = Release|x64
		{36F2CF15-780B-4C32-ABBB-5B8D7E079F80}.Release|x64.Build.0 = Release|x64
		{36F2CF15-780B-4C32-ABBB-5B8D7E079F80}.Release|x86.ActiveCfg = Release|Win32
		{36F2CF15-780B-4C32-ABBB-5B8D7E079F80}.Release|x86.Build.0 = Release|Win32
		{5801FF42-5759-4EE3-B136-C324692D5E3B}.Debug|x64.ActiveCfg = Debug|x64
		{5801FF42-5759-4EE3-B136-C324692D5E3B}.Debug|x64.Build.0 = Debug|x64
		{5801FF42-5759-4EE3-B136-C324692D5E3B}.Debug|x86.ActiveCfg = Debug|Win32
		{5801FF42-5759-4EE3-B136-C324692D5E3B}.Debug|x86.Build.0 = Debug|Win32
		{5801FF42-5759-4EE3-B136-C324692D5E3B}.Release|x64.ActiveCfg = Release|x64
		{5801FF42-5759-4EE3-B136-C324692D5E3B}.Release|x64.Build.0 = Release|x64
		{5801FF42-5759-4EE3-B136-C324692D5E3B}.Release|x86.ActiveCfg = Release|Win32
		{5801FF42-5759-4EE3-B136-C324692D5E3B}.Release|x86.Build.0 = Release|Win32
		{0E33FA7D-FE50-4C1C-9112-354ABD882C3A}.Debug|x64.ActiveCfg = Debug|x64
		{0E33FA7D-FE50-4C1C-9112-354ABD882C3A}.Debug|x64.Build.0 = Debug|x64
		{0E33FA7D-FE50-4C1C-9112-354ABD882C3A}.Debug|x86.ActiveCfg = Debug|Win32
		{0E33FA7D-FE50-4C1C-9112-354ABD882C3A}.Debug|x86.Build.0 = Debug|Win32
		{0E33FA7D-FE50-4C1C-9112-354ABD882C3A}.Release|x64.ActiveCfg = Release|x64
		{0E33FA7D-FE50-4C1C-9112-354ABD882C3A}.Release|x64.Build.0 = Release|x64
		{0E33FA7D-FE50-4C1C-9112-354ABD882C3A}.Release|x86.ActiveCfg = Release|Win32
		{0E33FA7D-FE50-4C1C-9112-354ABD882C3A}.Release|x86.Build.0 = Release|Win32
		{46B94EB3-89D8-432A-8700-11A9E0361931}.Debug|x64.ActiveCfg = Debug|x64
		{46B94EB3-89D8-432A-8700-11A9E0361931}.Debug|x64.Build.0 = Debug|x64
		{46B94EB3-89D8-432A-8700-11A9E0361931}.Debug|x86.ActiveCfg = Debug|Win32
		{46B94EB3-89D8-432A-8700-11A9E0361931}.Debug|x86.Build.0 = Debug|Win32
		{46B94EB3-89D8-432A-8700-11A9E0361931}.Release|x64.ActiveCfg = Release|x64
		{46B94EB3-89D8-432A-8700-11A9E0361931}.Release|x64.Build.0 = Release|x64
		{46B94EB3-89D8-432A-8700-11A9E0361931}.Release|x86.ActiveCfg = Release|Win32
		{46B94EB3-89D8-432A-8700-11A9E0361931}.Release|x86.Build.0 = Release|Win32
		{AA496D4E-2F86-4B81-8A33-15A5653C4A5A}.Debug|x64.ActiveCfg = Debug|x64
		{AA496D4E-2F86-4B81-8A33-15A5653C4A5A}.Debug|x64.Build.0 = Debug|x64
		{AA496D4E-2F86-4B81-8A33-15A5653C4A5A}.Debug|x86.ActiveCfg = Debug|Win32
		{AA496D4E-2F86-4B81-8A33-15A5653C4A5A}.Debug|x86.Build.0 = Debug|Win32
		{AA496D4E-2F86-4B81-8A33-15A5653C4A5A}.Release|x64.ActiveCfg = Release|x64
		{AA496D4E-2F86-4B81-8A33-15A5653C4A5A}.Release|x64.Build.0 = Release|x64
		{AA496D4E-2F86-4B81-8A33-15A5653C4A5A}.Release|x86.ActiveCfg = Release|Win32
		{AA496D4E-2F86-4B81-8A33-15A5653C4A5A}.Release|x86.Build.0 = Release|Win32
		{1C7DECF8-80B5-4850-AE32-AC1C295059D8}.Debug|x64.ActiveCfg = Debug|x64
		{1C7DECF8-80B5-4850-AE32-AC1C295059D8}.Debug|x64.Build.0 = Debug|x64
		{1C7DECF8-80B5-4850-AE32-AC1C295059D8}.Debug|x86.ActiveCfg = Debug|Win32
		{1C7DECF8-80B5-4850-AE32-AC1C295059D8}.Debug|x86.Build.0 = Debug|Win32
		{1C7DECF8-80B5-4850-AE32-AC1C295059D8}.Release|x64.ActiveCfg = Release|x64
		{1C7DECF8-80B5-4850-AE32-AC1C295059D8}.Release|x64.Build.0 = Release|x64
		{1C7DECF8-80B5-4850-AE32-AC1C295059D8}.Release|x86.ActiveCfg = Release|Win32
		{1C7DECF8-80B5-4850-AE32-AC1C295059D8}.Release|x86.Build.0 = Release|Win32
		{113AACAB-C1D0-4B81-A61D-BBCE43653532}.Debug|x64.ActiveCfg = Debug|x64
		{113AACAB-C1D0-4B81-A61D-BBCE43653532}.Debug|x64.Build.0 = Debug|x64
		{113AACAB-C1D0-4B81-A61D-BBCE43653532}.Debug|x86.ActiveCfg = Debug|Win32
		{113AACAB-C1D0-4B81-A61D-BBCE43653532}.Debug|x86.Build.0 = Debug|Win32
		{113AACAB-C1D0-4B81-A61D-BBCE43653532}.Release|x64.ActiveCfg = Release|x64
		{113AACAB-C1D0-4B81-A61D-BBCE43653532}.Release|x64.Build.0 = Release|x64
		{113AACAB-C1D0-4B81-A61D-BBCE43653532}.Release|x86.ActiveCfg = Release|Win32
		{113AACAB-C1D0-4B81-A61D-BBCE43653532}.Release|x86.Build.0 = Release|Win32
		{E8353850-43AB-485E-BF53-F3C6B7A15B00}.Debug|x64.ActiveCfg = Debug|x64
		{E8353850-43AB-485E-BF53-F3C6B7A15B00}.Debug|x64.Build.0 = Debug|x64
		{E8353850-43AB-485E-BF53-F3C6B7A15B00}.Debug|x86.ActiveCfg = Debug|Win32
		{E8353850-43AB-485E-BF53-F3C6B7A15B00}.Debug|x86.Build.0 = Debug|Win32
		{E8353850-43AB-485E-BF53-F3C6B7A15B00}.Release|x64.ActiveCfg = Release|x64
		{E8353850-43AB-485E-BF53-F3C6B7A15B00}.Release|x64.Build.0 = Release|x64
		{E8353850-43AB-485E-BF53-F3C6B7A15B00}.Release|x86.ActiveCfg = Release|Win32
		{E8353850-43AB-485E-BF53-F3C6B7A15B00}.Release|x86.Build.0 = Release|Win32
		{DF90650E-6317-407C-8722-12D3BE0F7092}.Debug|x64.ActiveCfg = Debug|x64
		{DF90650E-6317-407C-8722-12D3BE0F7092}.Debug|x64.Build.0 = Debug|x64
		{DF90650E-6317-407C-8722-12D3BE0F7092}.Debug|x86.ActiveCfg = Debug|Win32
		{DF90650E-6317-407C-8722-12D3BE0F7092}.Debug|x86.Build.0 = Debug|Win32
		{DF90650E-6317-407C-8722-12D3BE0F7092}.Release|x64.ActiveCfg = Release|x64
		{DF90650E-6317-407C-8722-12D3BE0F7092}.Release|x64.Build.0 = Release|x64
		{DF90650E-6317-407C-8722-12D3BE0F7092}.Release|x86.ActiveCfg = Release|Win32
		{DF90650E-6317-407C-8722-12D3BE0F7092}.Release|x86.Build.0 = Release|Win32
		{7D159B6B-9554-429F-AD70-6E83482850CA}.Debug|x64.ActiveCfg = Debug|x64
		{7D159B6B-9554-429F-AD70-6E83482850CA}.Debug|x64.Build.0 = Debug|x64
		{7D159B6B-9554-429F-AD70-6E83482850CA}.Debug|x86.ActiveCfg = Debug|Win32
		{7D159B6B-9554-429F-AD70-6E83482850CA}.Debug|x86.Build.0 = Debug|Win32
		{7D159B6B-9554-429F-AD70-6E83482850CA}.Release|x64.ActiveCfg = Release|x64
		{7D159B6B-9554-429F-AD70-6E83482850CA}.Release|x64.Build.0 = Release|x64
		{7D159B6B-9554-429F-AD70-6E83482850CA}.Release|x86.ActiveCfg = Release|Win32
		{7D159B6B-9554-429F-AD70-6E83482850CA}.Release|x86.Build.0 = Release|Win32
		{4DF9D595-7892-44A3-AC04-6357A338719F}.Debug|x64.ActiveCfg = Debug|x64
		{4DF9D595-7892-44A3-AC04-6357A338719F}.Debug|x64.Build.0 = Debug|x64
		{4DF9D595-7892-44A3-AC04-6357A338719F}.Debug|x86.ActiveCfg = Debug|Win32
		{4DF9D595-7892-44A3-AC04-6357A338719F}.Debug|x86.Build.0 = Debug|Win32
		{4DF9D595-7892-44A3-AC04-6357A338719F}.Release|x64.ActiveCfg = Release|x64
		{4DF9D595-7892-44A3-AC04-6357A338719F}.Release|x64.Build.0 = Release|x64
		{4DF9D595-7892-44A3-AC04-6357A338719F}.Release|x86.ActiveCfg = Release|Win32
		{4DF9D595-7892-44A3-AC04-6357A338719F}.Release|x86.Build.0 = Release|Win32
		{AEE00D4F-AFFE-44A3-A9FE-21D118F39806}.Debug|x64.ActiveCfg = Debug|x64
		{AEE00D4F-AFFE-44A3-A9FE-21D118F39806}.Debug|x64.Build.0 = Debug|x64
		{AEE00D4F-AFFE-44A3-A9FE-21D118F39806}.Debug|x86.ActiveCfg = Debug|Win32
		{AEE00D4F-AFFE-44A3-A9FE-21D118F39806}.Debug|x86.Build.0 = Debug|Win32
		{AEE00D4F-AFFE-44A3-A9FE-21D118F39806}.Release|x64.ActiveCfg = Release|x64
		{AEE00D4F-AFFE-44A3-A9FE-21D118F39806}.Release|x64.Build.0 = Release|x64
		{AEE00D4F-AFFE-44A3-A9FE-21D118F39806}.Release|x86.ActiveCfg = Release|Win32
		{AEE00D4F-AFFE-44A3-A9FE-21D118F39806}.Release|x86.Build.0 = Release|Win32
		{363AC146-7DC1-448F-8BDF-F23467E05F50}.Debug|x64.ActiveCfg = Debug|x64
		{363AC146-7DC1-448F-8BDF-F23467E05F50}.Debug|x64.Build.0 = Debug|x64
		{363AC146-7DC1-448F-8BDF-F23467E05F50}.Debug|x86.ActiveCfg = Debug|Win32
		{363AC146-7DC1-448F-8BDF-F23467E05F50}.Debug|x86.Build.0 = Debug|Win32
		{363AC146-7DC1-448F-8BDF-F23467E05F50}.Release|x64.ActiveCfg = Release|x64
		{363AC146-7DC1-448F-8BDF-F23467E05F50}.Release|x64.Build.0 = Release|x64
		{363AC146-7DC1-448F-8BDF-F23467E05F50}.Release|x86.ActiveCfg = Release|Win32
		{363AC146-7DC1-448F-8BDF-F23467E05F50}.Release|x86.Build.0 = Release|Win32
		{6382DD94-BE66-4EE0-BE7A-EF283720D0F7}.Debug|x64.ActiveCfg = Debug|x64
		{6382DD94-BE66-4EE0-BE7A-EF283720D0F7}.Debug|x64.Build.0 = Debug|x64
		{6382DD94-BE66-4EE0-BE7A-EF283720D0F7}.Debug|x86.ActiveCfg = Debug|Win32
		{6382DD94-BE66-4EE0-BE7A-EF283720D0F7}.Debug|x86.Build.0 = Debug|Win32
		{6382DD94-BE66-4EE0-BE7A-EF283720D0F7}.Release|x64.ActiveCfg = Release|x64
		{6382DD94-BE66-4EE0-BE7A-EF283720D0F7}.Release|x64.Build.0 = Release|x64
		{6382DD94-BE66-4EE0-BE7A-EF283720D0F7}.Release|x86.ActiveCfg = Release|Win32
		{6382DD94-BE66-4EE0-BE7A-EF283720D0F7}.Release|x86.Build.0 = Release|Win32
		{523856C7-5D2F-4B52-B3C8-B70348D62CF8}.Debug|x64.ActiveCfg = Debug|x64
		{523856C7-5D2F-4B52-B3C8-B70348D62CF8}.Debug|x64.Build.0 = Debug|x64
		{523856C7-5D2F-4B52-B3C8-B70348D62CF8}.Debug|x86.ActiveCfg = Debug|Win32
		{523856C7-5D2F-4B52-B3C8-B70348D62CF8}.Debug|x86.Build.0 = Debug|Win32
		{523856C7-5D2F-4B52-B3C8-B70348D62CF8}.Release|x64.ActiveCfg = Release|x64
		{523856C7-5D2F-4B52-B3C8-B70348D62CF8}.Release|x64.Build.0 = Release|x64
		{523856C7-5D2F-4B52-B3C8-B70348D62CF8}.Release|x86.ActiveCfg = Release|Win32
		{523856C7-5D2F-4B52-B3C8-B70348D62CF8}.Release|x86.Build.0 = Release|Win32
		{BA3CF2A1-FF9B-4D7F-AD89-3E8763BABB4F}.Debug|x64.ActiveCfg = Debug|x64
		{BA3CF2A1-FF9B-4D7F-AD89-3E8763BABB4F}.Debug|x64.Build.0 = Debug|x64
		{BA3CF2A1-FF9B-4D7F-AD89-3E8763BABB4F}.Debug|x86.ActiveCfg = Debug|Win32
		{BA3CF2A1-FF9B-4D7F-AD89-3E8763BABB4F}.Debug|x86.Build.0 = Debug|Win32
		{BA3CF2A1-FF9B-4D7F-AD89-3E8763BABB4F}.Release|x64.ActiveCfg = Release|x64
		{BA3CF2A1-FF9B-4D7F-AD89-3E8763BABB4F}.Release|x64.Build.0 = Release|x64
		{BA3CF2A1-FF9B-4D7F-AD89-3E8763BABB4F}.Release|x86.ActiveCfg = Release|Win32
		{BA3CF2A1-FF9B-4D7F-AD89-3E8763BABB4F}.Release|x86.Build.0 = Release|Win32
		{B6A93364-7008-477F-B317-9FAC4D0C0BB8}.Debug|x64.ActiveCfg = Debug|x64
		{B6A93364-7008-477F-B317-9FAC4D0C0BB8}.Debug|x64.Build.0 = Debug|x64
		{B6A93364-7008-477F-B317-9FAC4D0C0BB8}.Debug|x86.ActiveCfg = Debug|Win32
		{B6A93364-7008-477F-B317-9FAC4D0C0BB8}.Debug|x86.Build.0 = Debug|Win32
		{B6A93364-7008-477F-B317-9FAC4D0C0BB8}.Release|x64.ActiveCfg = Release|x64
		{B6A93364-7008-477F-B317-9FAC4D0C0BB8}.Release|x64.Build.0 = Release|x64
		{B6A93364-7008-477F-B317-9FAC4D0C0BB8}.Release|x86.ActiveCfg = Release|Win32
		{B6A93364-7008-477F-B317-9FAC4D0C0BB8}.Release|x86.Build.0 = Release|Win32
		{F148A244-992A-4318-85B2-64CBD4B1DA63}.Debug|x64.ActiveCfg = Debug|x64
		{F148A244-992A-4318-85B2-64CBD4B1DA63}.Debug|x64.Build.0 = Debug|x64
		{F148A244-992A-4318-85B2-64CBD4B1DA63}.Debug|x86.ActiveCfg = Debug|Win32
		{F148A244-992A-4318-85B2-64CBD4B1DA63}.Debug|x86.Build.0 = Debug|Win32
		{F148A244-992A-4318-85B2-64CBD4B1DA63}.Release|x64.ActiveCfg = Release|x64
		{F148A244-992A-4318-85B2-64CBD4B1DA63}.Release|x64.Build.0 = Release|x64
		{F148A244-992A-4318-85B2-64CBD4B1DA63}.Release|x86.ActiveCfg = Release|Win32
		{F148A244-992A-4318-85B2-64CBD4B1DA63}.Release|x86.Build.0 = Release|Win32
		{0722002C-4FA5-4474-BA97-0E642C2CF97E}.Debug|x64.ActiveCfg = Debug|x64
		{0722002C-4FA5-4474-BA97-0E642C2CF97E}.Debug|x64.Build.0 = Debug|x64
		{0722002C-4FA5-4474-BA97-0E642C2CF97E}.Debug|x86.ActiveCfg = Debug|Win32
		{0722002C-4FA5-4474-BA97-0E642C2CF97E}.Debug|x86.Build.0 = Debug|Win32
		{0722002C-4FA5-4474-BA97-0E642C2CF97E}.Release|x64.ActiveCfg = Release|x64
		{0722002C-4FA5-4474-BA97-0E642C2CF97E}.Release|x64.Build.0 = Release|x64
		{0722002C-4FA5-4474-BA97-0E642C2CF97E}.Release|x86.ActiveCfg = Release|Win32
		{0722002C-4FA5-4474-BA97-0E642C2CF97E}.Release|x86.Build.0 = Release|Win32
		{1F57761D-CD18-4451-84CF-3D77134EA48B}.Debug|x64.ActiveCfg = Debug|x64
		{1F57761D-CD18-4451-84CF-3D77134EA48B}.Debug|x64.Build.0 = Debug|x64
		{1F57761D-CD18-4451-84CF-3D77134EA48B}.Debug|x86.ActiveCfg = Debug|Win32
		{1F57761D-CD18-4451-84CF-3D77134EA48B}.Debug|x86.Build.0 = Debug|Win32
		{1F57761D-CD18-4451-84CF-3D77134EA48B}.Release|x64.ActiveCfg = Release|x64
		{1F57761D-CD18-4451-84CF-3D77134EA48B}.Release|x64.Build.0 = Release|x64
		{1F57761D-CD18-4451-84CF-3D77134EA48B}.Release|x86.ActiveCfg = Release|Win32
		{1F57761D-CD18-4451-84CF-3D77134EA48B}.Release|x86.Build.0 = Release|Win32
		{DF841788-200A-4649-A38C-E5A2554A1F5C}.Debug|x64.ActiveCfg = Debug|x64
		{DF841788-200A-4649-A38C-E5A2554A1F5C}.Debug|x64.Build.0 = Debug|x64
		{DF841788-200A-4649-A38C-E5A2554A1F5C}.Debug|x86.ActiveCfg = Debug|Win32
		{DF841788-200A-4649-A38C-E5A2554A1F5C}.Debug|x86.Build.0 = Debug|Win32
		{DF841788-200A-4649-A38C-E5A2554A1F5C}.Release|x64.ActiveCfg = Release|x64
		{DF841788-200A-4649-A38C-E5A2554A1F5C}.Release|x64.Build.0 = Release|x64
		{DF841788-200A-4649-A38C-E5A2554A1F5C}.Release|x86.ActiveCfg = Release|Win32
		{DF841788-200A-4649-A38C-E5A2554A1F5C}.Release|x86.Build.0 = Release|Win32
		{F4B0A8CA-F990-40F1-AD56-60AF1FA3E123}.Debug|x64.ActiveCfg = Debug|x64
		{F4B0A8CA-F990-40F1-AD56-60AF1FA3E123}.Debug|x64.Build.0 = Debug|x64
		{F4B0A8CA-F990-40F1-AD56-60AF1FA3E123}.Debug|x86.ActiveCfg = Debug|Win32
		{F4B0A8CA-F990-40F1-AD56-60AF1FA3E123}.Debug|x86.Build.0 = Debug|Win32
		{F4B0A8CA-F990-40F1-AD56-60AF1FA3E123}.Release|x64.ActiveCfg = Release|x64
		{F4B0A8CA-F990-40F1-AD56-60AF1FA3E123}.Release|x64.Build.0 = Release|x64
		{F4B0A8CA-F990-40F1-AD56-60AF1FA3E123}.Release|x86.ActiveCfg = Release|Win32
		{F4B0A8CA-F990-40F1-AD56-60AF1FA3E123}.Release|x86.Build.0 = Release|Win32
		{08EE6A88-484D-43F0-8B86-55A4CB29A22A}.Debug|x64.ActiveCfg = Debug|x64
		{08EE6A88-484D-43F0-8B86-55A4CB29A22A}.Debug|x64.Build.0 = Debug|x64
		{08EE6A88-484D-43F0-8B86-55A4CB29A22A}.Debug|x86.ActiveCfg = Debug|Win32
		{08EE6A88-484D-43F0-8B86-55A4CB29A22A}.Debug|x86.Build.0 = Debug|Win32
		{08EE6A88-484D-43F0-8B86-55A4CB29A22A}.Release|x64.ActiveCfg = Release|x64
		{08EE6A88-484D-43F0-8B86-55A4CB29A22A}.Release|x64.Build.0 = Release|x64
		{08EE6A88-484D-43F0-8B86-55A4CB29A22A}.Release|x86.ActiveCfg = Release|Win32
		{08EE6A88-484D-43F0-8B86-55A4CB29A22A}.Release|x86.Build.0 = Release|Win32
		{B461FBF2-8ECC-45D3-8352-4A1277A0A7E6}.Debug|x64.ActiveCfg = Debug|x64
		{B461FBF2-8ECC-45D3-8352-4A1277A0A7E6}.Debug|x64.Build.0 = Debug|x64
		{B461FBF2-8ECC-45D3-8352-4A1277A0A7E6}.Debug|x86.ActiveCfg = Debug|Win32
		{B461FBF2-8ECC-45D3-8352-4A1277A0A7E6}.Debug|x86.Build.0 = Debug|Win32
		{B461FBF2-8ECC-45D3-8352-4A1277A0A7E6}.Release|x64.ActiveCfg = Release|x64
		{B461FBF2-8ECC-45D3-8352-4A1277A0A7E6}.Release|x64.Build.0 = Release|x64
		{B461FBF2-8ECC-45D3-8352-4A1277A0A7E6}.Release|x86.ActiveCfg = Release|Win32
		{B461FBF2-8ECC-45D3-8352-4A1277A0A7E6}.Release|x86.Build.0 = Release|Win32
		{F19548A0-D820-4D5A-920A-EF81115E17F3}.Debug|x64.ActiveCfg = Debug|x64
		{F19548A0-D820-4D5A-920A-EF81115E17F3}.Debug|x64.Build.0 = Debug|x64
		{F19548A0-D820-4D5A-920A-EF81115E17F3}.Debug|x86.ActiveCfg = Debug|Win32
		{F19548A0-D820-4D5A-920A-EF81115E17F3}.Debug|x86.Build.0 = Debug|Win32
		{F19548A0-D820-4D5A-920A-EF81115E17F3}.Release|x64.ActiveCfg = Release|x64
		{F19548A0-D820-4D5A-920A-EF81115E17F3}.Release|x64.Build.0 = Release|x64
		{F19548A0-D820-4D5A-920A-EF81115E17F3}.Release|x86.ActiveCfg = Release|Win32
		{F19548A0-D820-4D5A-920A-EF81115E17F3}.Release|x86.Build.0 = Release|Win32
		{1CB2853E-57C4-4AC0-BF87-1CD61F5FA7CF}.Debug|x64.ActiveCfg = Debug|x64
		{1CB2853E-57C4-4AC0-BF87-1CD61F5FA7CF}.Debug|x64.Build.0 = Debug|x64
		{1CB2853E-57C4-4AC0-BF87-1CD61F5FA7CF}.Debug|x86.ActiveCfg = Debug|Win32
		{1CB2853E-57C4-4AC0-BF87-1CD61F5FA7CF}.Debug|x86.Build.0 = Debug|Win32
		{1CB2853E-57C4-4AC0-BF87-1CD61F5FA7CF}.Release|x64.ActiveCfg = Release|x64
		{1CB2853E-57C4-4AC0-BF87-1CD61F5FA7CF}.Release|x64.Build.0 = Release|x64
		{1CB2853E-57C4-4AC0-BF87-1CD61F5FA7CF}.Release|x86.ActiveCfg = Release|Win32
		{1CB2853E-57C4-4AC0-BF87-1CD61F5FA7CF}.Release|x86.Build.0 = Release|Win32
		{C919BA6E-26C7-4BB5-9C45-69171C7F8A17}.Debug|x64.ActiveCfg = Debug|x64
		{C919BA6E-26C7-4BB5-9C45-69171C7F8A17}.Debug|x64.Build.0 = Debug|x64
		{C919BA6E-26C7-4BB5-9C45-69171C7F8A17}.Debug|x86.ActiveCfg = Debug|Win32
		{C919BA6E-26C7-4BB5-9C45-69171C7F8A17}.Debug|x86.Build.0 = Debug|Win32
		{C919BA6E-26C7-4BB5-9C45-69171C7F8A17}.Release|x64.ActiveCfg = Release|x64
		{C919BA6E-26C7-4BB5-9C45-69171C7F8A17}.Release|x64.Build.0 = Release|x64
		{C919BA6E-26C7-4BB5-9C45-69171C7F8A17}.Release|x86.ActiveCfg = Release|Win32
		{C919BA6E-26C7-4BB5-9C45-69171C7F8A17}.Release|x86.Build.0 = Release|Win32
		{2B6F8A2A-2678-4201-9CC8-29CFDA576813}.Debug|x64.ActiveCfg = Debug|x64
		{2B6F8A2A-2678-4201-9CC8-29CFDA576813}.Debug|x64.Build.0 = Debug|x64
		{2B6F8A2A-2678-4201-9CC8-29CFDA576813}.Debug|x86.ActiveCfg = Debug|Win32
		{2B6F8A2A-2678-4201-9CC8-29CFDA576813}.Debug|x86.Build.0 = Debug|Win32
		{2B6F8A2A-2678-4201-9CC8-29CFDA576813}.Release|x64.ActiveCfg = Release|x64
		{2B6F8A2A-2678-4201-9CC8-29CFDA576813}.Release|x64.Build.0 = Release|x64
		{2B6F8A2A-2678-4201-9CC8-29CFDA576813}.Release|x86.ActiveCfg = Release|Win32
		{2B6F8A2A-2678-4201-9CC8-29CFDA576813}.Release|x86.Build.0 = Release|Win32
		{15F2E89F-F554-49E3-895C-AB9561F62D5C}.Debug|x64.ActiveCfg = Debug|x64
		{15F2E89F-F554-49E3-895C-AB9561F62D5C}.Debug|x64.Build.0 = Debug|x64
		{15F2E89F-F554-49E3-895C-AB9561F62D5C}.Debug|x86.ActiveCfg = Debug|Win32
		{15F2E89F-F554-49E3-895C-AB9561F62D5C}.Debug|x86.Build.0 = Debug|Win32
		{15F2E89F-F554-49E3-895C-AB9561F62D5C}.Release|x64.ActiveCfg = Release|x64
		{15F2E89F-F554-49E3-895C-AB9561F62D5C}.Release|x64.Build.0 = Release|x64
		{15F2E89F-F554-49E3-895C-AB9561F62D5C}.Release|x86.ActiveCfg = Release|Win32
		{15F2E89F-F554-49E3-895C-AB9561F62D5C}.Release|x86.Build.0 = Release|Win32
		{E7A59051-899B-4BC4-BB09-9C23E33CF98D}.Debug|x64.ActiveCfg = Debug|x64
		{E7A59051-899B-4BC4-BB09-9C23E33CF98D}.Debug|x64.Build.0 = Debug|x64
		{E7A59051-899B-4BC4-BB09-9C23E33CF98D}.Debug|x86.ActiveCfg = Debug|Win32
		{E7A59051-899B-4BC4-BB09-9C23E33CF98D}.Debug|x86.Build.0 = Debug|Win32
		{E7A59051-899B-4BC4-BB09-9C23E33CF98D}.Release|x64.ActiveCfg = Release|x64
		{E7A59051-899B-4BC4-BB09-9C23E33CF98D}.Release|x64.Build.0 = Release|x64
		{E7A59051-899B-4BC4-BB09-9C23E33CF98D}.Release|x86.ActiveCfg = Release|Win32
		{E7A59051-899B-4BC4-BB09-9C23E33CF98D}.Release|x86.Build.0 = Release|Win32
	EndGlobalSection
	GlobalSection(SolutionProperties) = preSolution
		HideSolutionNode = FALSE
	EndGlobalSection
	GlobalSection(ExtensibilityGlobals) = postSolution
		SolutionGuid = {FC6847B2-C45D-4162-8AE9-1FB343DDFF23}
	EndGlobalSection
EndGlobal
