
Microsoft Visual Studio Solution File, Format Version 12.00
# Visual Studio Version 16
VisualStudioVersion = 16.0.28714.193
MinimumVisualStudioVersion = 10.0.40219.1
Project("{8BC9CEB8-8B4A-11D0-8D11-00A0C91BC942}") = "Lecture1", "Lecture1\Lecture1.vcxproj", "{807F6BC4-A311-48E0-8241-3B097937C549}"
EndProject
Project("{8BC9CEB8-8B4A-11D0-8D11-00A0C91BC942}") = "Lecture3", "Lecture3\Lecture3.vcxproj", "{5C85BF55-4B90-4026-8637-7CA9094786A8}"
EndProject
Project("{8BC9CEB8-8B4A-11D0-8D11-00A0C91BC942}") = "Lecture4", "Lecture4\Lecture4.vcxproj", "{21D062DE-5673-4520-B308-712EA60008B4}"
EndProject
Project("{8BC9CEB8-8B4A-11D0-8D11-00A0C91BC942}") = "Lecture5", "Lecture5\Lecture5.vcxproj", "{E5B3A45B-E73C-48E7-8755-6258EED22950}"
EndProject
Project("{8BC9CEB8-8B4A-11D0-8D11-00A0C91BC942}") = "Lecture6", "Lecture6\Lecture6.vcxproj", "{3B354216-1005-4B45-BB47-342423CD758B}"
EndProject
Project("{8BC9CEB8-8B4A-11D0-8D11-00A0C91BC942}") = "Lecture7", "Lecture7\Lecture7.vcxproj", "{56B8C291-1915-4E83-BA98-F37491D09819}"
EndProject
Project("{8BC9CEB8-8B4A-11D0-8D11-00A0C91BC942}") = "Lecture8", "Lecture8\Lecture8.vcxproj", "{93B7C66B-99A3-4DCF-9EDE-4380F2226AC7}"
EndProject
Project("{8BC9CEB8-8B4A-11D0-8D11-00A0C91BC942}") = "Lecture9", "Lecture9\Lecture9.vcxproj", "{3998648D-16EF-4AF5-9017-60906BF81BC8}"
EndProject
Project("{8BC9CEB8-8B4A-11D0-8D11-00A0C91BC942}") = "Lecture10", "Lecture10\Lecture10.vcxproj", "{4C3905DE-65BE-45AB-B3C9-2582A8182907}"
EndProject
Project("{8BC9CEB8-8B4A-11D0-8D11-00A0C91BC942}") = "Lecture11", "Lecture11\Lecture11.vcxproj", "{9977B864-7EE2-4287-AF7E-9F2BB7A02ADF}"
EndProject
Project("{8BC9CEB8-8B4A-11D0-8D11-00A0C91BC942}") = "Lecture12_1", "Lecture12\Lecture12.vcxproj", "{A7FBF64D-ED09-4355-9154-2B4343FF5990}"
EndProject
Project("{8BC9CEB8-8B4A-11D0-8D11-00A0C91BC942}") = "Lecture12_2", "Lecture12-2\Lecture12-2.vcxproj", "{0C8E5C27-8FB5-4749-83E1-63972FE14C83}"
EndProject
Project("{8BC9CEB8-8B4A-11D0-8D11-00A0C91BC942}") = "Lecture13", "Lecture13\Lecture13.vcxproj", "{8E9132B1-B400-4C8B-9655-15180D190443}"
EndProject
Project("{8BC9CEB8-8B4A-11D0-8D11-00A0C91BC942}") = "Lecture15_1", "Lecture15_1\Lecture15_1.vcxproj", "{E3858BF5-BD2F-40DD-99BE-CC7E076FB31A}"
EndProject
Project("{8BC9CEB8-8B4A-11D0-8D11-00A0C91BC942}") = "Lecture15_2", "Lecture15_2\Lecture15_2.vcxproj", "{8CC07A11-7613-4695-8B6F-485C61DBCB1D}"
EndProject
Project("{8BC9CEB8-8B4A-11D0-8D11-00A0C91BC942}") = "Lecture15_3", "Lecture15_3\Lecture15_3.vcxproj", "{9E67C3FB-11FC-474D-AC5B-119849BA0D09}"
EndProject
Project("{8BC9CEB8-8B4A-11D0-8D11-00A0C91BC942}") = "Lecture16", "Lecture16\Lecture16.vcxproj", "{D31C99F3-3B70-44A8-8A5C-9FF35331E83F}"
EndProject
Project("{8BC9CEB8-8B4A-11D0-8D11-00A0C91BC942}") = "Lecture17_1", "Lecture17\Lecture17.vcxproj", "{8962BAA7-EEFE-4775-A8F6-EC09D8A3A3A8}"
EndProject
Project("{8BC9CEB8-8B4A-11D0-8D11-00A0C91BC942}") = "Lecture17_2", "Lecture17_2\Lecture17_2.vcxproj", "{1E687044-53F8-443D-BFD6-B722113DABC7}"
EndProject
Project("{8BC9CEB8-8B4A-11D0-8D11-00A0C91BC942}") = "Lecture18_ans", "Lecture18\Lecture18.vcxproj", "{93A79D71-47CF-4E6E-AFB4-51068FB25DA4}"
EndProject
Project("{8BC9CEB8-8B4A-11D0-8D11-00A0C91BC942}") = "Lecture18_problem", "Lecture18_problem\Lecture18_problem.vcxproj", "{B8CE9E52-132A-42E2-951B-B649EFAB7EFF}"
EndProject
Global
	GlobalSection(SolutionConfigurationPlatforms) = preSolution
		Debug|x64 = Debug|x64
		Debug|x86 = Debug|x86
		Release|x64 = Release|x64
		Release|x86 = Release|x86
	EndGlobalSection
	GlobalSection(ProjectConfigurationPlatforms) = postSolution
		{807F6BC4-A311-48E0-8241-3B097937C549}.Debug|x64.ActiveCfg = Debug|x64
		{807F6BC4-A311-48E0-8241-3B097937C549}.Debug|x64.Build.0 = Debug|x64
		{807F6BC4-A311-48E0-8241-3B097937C549}.Debug|x86.ActiveCfg = Debug|Win32
		{807F6BC4-A311-48E0-8241-3B097937C549}.Debug|x86.Build.0 = Debug|Win32
		{807F6BC4-A311-48E0-8241-3B097937C549}.Release|x64.ActiveCfg = Release|x64
		{807F6BC4-A311-48E0-8241-3B097937C549}.Release|x64.Build.0 = Release|x64
		{807F6BC4-A311-48E0-8241-3B097937C549}.Release|x86.ActiveCfg = Release|Win32
		{807F6BC4-A311-48E0-8241-3B097937C549}.Release|x86.Build.0 = Release|Win32
		{5C85BF55-4B90-4026-8637-7CA9094786A8}.Debug|x64.ActiveCfg = Debug|x64
		{5C85BF55-4B90-4026-8637-7CA9094786A8}.Debug|x64.Build.0 = Debug|x64
		{5C85BF55-4B90-4026-8637-7CA9094786A8}.Debug|x86.ActiveCfg = Debug|Win32
		{5C85BF55-4B90-4026-8637-7CA9094786A8}.Debug|x86.Build.0 = Debug|Win32
		{5C85BF55-4B90-4026-8637-7CA9094786A8}.Release|x64.ActiveCfg = Release|x64
		{5C85BF55-4B90-4026-8637-7CA9094786A8}.Release|x64.Build.0 = Release|x64
		{5C85BF55-4B90-4026-8637-7CA9094786A8}.Release|x86.ActiveCfg = Release|Win32
		{5C85BF55-4B90-4026-8637-7CA9094786A8}.Release|x86.Build.0 = Release|Win32
		{21D062DE-5673-4520-B308-712EA60008B4}.Debug|x64.ActiveCfg = Debug|x64
		{21D062DE-5673-4520-B308-712EA60008B4}.Debug|x64.Build.0 = Debug|x64
		{21D062DE-5673-4520-B308-712EA60008B4}.Debug|x86.ActiveCfg = Debug|Win32
		{21D062DE-5673-4520-B308-712EA60008B4}.Debug|x86.Build.0 = Debug|Win32
		{21D062DE-5673-4520-B308-712EA60008B4}.Release|x64.ActiveCfg = Release|x64
		{21D062DE-5673-4520-B308-712EA60008B4}.Release|x64.Build.0 = Release|x64
		{21D062DE-5673-4520-B308-712EA60008B4}.Release|x86.ActiveCfg = Release|Win32
		{21D062DE-5673-4520-B308-712EA60008B4}.Release|x86.Build.0 = Release|Win32
		{E5B3A45B-E73C-48E7-8755-6258EED22950}.Debug|x64.ActiveCfg = Debug|x64
		{E5B3A45B-E73C-48E7-8755-6258EED22950}.Debug|x64.Build.0 = Debug|x64
		{E5B3A45B-E73C-48E7-8755-6258EED22950}.Debug|x86.ActiveCfg = Debug|Win32
		{E5B3A45B-E73C-48E7-8755-6258EED22950}.Debug|x86.Build.0 = Debug|Win32
		{E5B3A45B-E73C-48E7-8755-6258EED22950}.Release|x64.ActiveCfg = Release|x64
		{E5B3A45B-E73C-48E7-8755-6258EED22950}.Release|x64.Build.0 = Release|x64
		{E5B3A45B-E73C-48E7-8755-6258EED22950}.Release|x86.ActiveCfg = Release|Win32
		{E5B3A45B-E73C-48E7-8755-6258EED22950}.Release|x86.Build.0 = Release|Win32
		{3B354216-1005-4B45-BB47-342423CD758B}.Debug|x64.ActiveCfg = Debug|x64
		{3B354216-1005-4B45-BB47-342423CD758B}.Debug|x64.Build.0 = Debug|x64
		{3B354216-1005-4B45-BB47-342423CD758B}.Debug|x86.ActiveCfg = Debug|Win32
		{3B354216-1005-4B45-BB47-342423CD758B}.Debug|x86.Build.0 = Debug|Win32
		{3B354216-1005-4B45-BB47-342423CD758B}.Release|x64.ActiveCfg = Release|x64
		{3B354216-1005-4B45-BB47-342423CD758B}.Release|x64.Build.0 = Release|x64
		{3B354216-1005-4B45-BB47-342423CD758B}.Release|x86.ActiveCfg = Release|Win32
		{3B354216-1005-4B45-BB47-342423CD758B}.Release|x86.Build.0 = Release|Win32
		{56B8C291-1915-4E83-BA98-F37491D09819}.Debug|x64.ActiveCfg = Debug|x64
		{56B8C291-1915-4E83-BA98-F37491D09819}.Debug|x64.Build.0 = Debug|x64
		{56B8C291-1915-4E83-BA98-F37491D09819}.Debug|x86.ActiveCfg = Debug|Win32
		{56B8C291-1915-4E83-BA98-F37491D09819}.Debug|x86.Build.0 = Debug|Win32
		{56B8C291-1915-4E83-BA98-F37491D09819}.Release|x64.ActiveCfg = Release|x64
		{56B8C291-1915-4E83-BA98-F37491D09819}.Release|x64.Build.0 = Release|x64
		{56B8C291-1915-4E83-BA98-F37491D09819}.Release|x86.ActiveCfg = Release|Win32
		{56B8C291-1915-4E83-BA98-F37491D09819}.Release|x86.Build.0 = Release|Win32
		{93B7C66B-99A3-4DCF-9EDE-4380F2226AC7}.Debug|x64.ActiveCfg = Debug|x64
		{93B7C66B-99A3-4DCF-9EDE-4380F2226AC7}.Debug|x64.Build.0 = Debug|x64
		{93B7C66B-99A3-4DCF-9EDE-4380F2226AC7}.Debug|x86.ActiveCfg = Debug|Win32
		{93B7C66B-99A3-4DCF-9EDE-4380F2226AC7}.Debug|x86.Build.0 = Debug|Win32
		{93B7C66B-99A3-4DCF-9EDE-4380F2226AC7}.Release|x64.ActiveCfg = Release|x64
		{93B7C66B-99A3-4DCF-9EDE-4380F2226AC7}.Release|x64.Build.0 = Release|x64
		{93B7C66B-99A3-4DCF-9EDE-4380F2226AC7}.Release|x86.ActiveCfg = Release|Win32
		{93B7C66B-99A3-4DCF-9EDE-4380F2226AC7}.Release|x86.Build.0 = Release|Win32
		{3998648D-16EF-4AF5-9017-60906BF81BC8}.Debug|x64.ActiveCfg = Debug|x64
		{3998648D-16EF-4AF5-9017-60906BF81BC8}.Debug|x64.Build.0 = Debug|x64
		{3998648D-16EF-4AF5-9017-60906BF81BC8}.Debug|x86.ActiveCfg = Debug|Win32
		{3998648D-16EF-4AF5-9017-60906BF81BC8}.Debug|x86.Build.0 = Debug|Win32
		{3998648D-16EF-4AF5-9017-60906BF81BC8}.Release|x64.ActiveCfg = Release|x64
		{3998648D-16EF-4AF5-9017-60906BF81BC8}.Release|x64.Build.0 = Release|x64
		{3998648D-16EF-4AF5-9017-60906BF81BC8}.Release|x86.ActiveCfg = Release|Win32
		{3998648D-16EF-4AF5-9017-60906BF81BC8}.Release|x86.Build.0 = Release|Win32
		{4C3905DE-65BE-45AB-B3C9-2582A8182907}.Debug|x64.ActiveCfg = Debug|x64
		{4C3905DE-65BE-45AB-B3C9-2582A8182907}.Debug|x64.Build.0 = Debug|x64
		{4C3905DE-65BE-45AB-B3C9-2582A8182907}.Debug|x86.ActiveCfg = Debug|Win32
		{4C3905DE-65BE-45AB-B3C9-2582A8182907}.Debug|x86.Build.0 = Debug|Win32
		{4C3905DE-65BE-45AB-B3C9-2582A8182907}.Release|x64.ActiveCfg = Release|x64
		{4C3905DE-65BE-45AB-B3C9-2582A8182907}.Release|x64.Build.0 = Release|x64
		{4C3905DE-65BE-45AB-B3C9-2582A8182907}.Release|x86.ActiveCfg = Release|Win32
		{4C3905DE-65BE-45AB-B3C9-2582A8182907}.Release|x86.Build.0 = Release|Win32
		{9977B864-7EE2-4287-AF7E-9F2BB7A02ADF}.Debug|x64.ActiveCfg = Debug|x64
		{9977B864-7EE2-4287-AF7E-9F2BB7A02ADF}.Debug|x64.Build.0 = Debug|x64
		{9977B864-7EE2-4287-AF7E-9F2BB7A02ADF}.Debug|x86.ActiveCfg = Debug|Win32
		{9977B864-7EE2-4287-AF7E-9F2BB7A02ADF}.Debug|x86.Build.0 = Debug|Win32
		{9977B864-7EE2-4287-AF7E-9F2BB7A02ADF}.Release|x64.ActiveCfg = Release|x64
		{9977B864-7EE2-4287-AF7E-9F2BB7A02ADF}.Release|x64.Build.0 = Release|x64
		{9977B864-7EE2-4287-AF7E-9F2BB7A02ADF}.Release|x86.ActiveCfg = Release|Win32
		{9977B864-7EE2-4287-AF7E-9F2BB7A02ADF}.Release|x86.Build.0 = Release|Win32
		{A7FBF64D-ED09-4355-9154-2B4343FF5990}.Debug|x64.ActiveCfg = Debug|x64
		{A7FBF64D-ED09-4355-9154-2B4343FF5990}.Debug|x64.Build.0 = Debug|x64
		{A7FBF64D-ED09-4355-9154-2B4343FF5990}.Debug|x86.ActiveCfg = Debug|Win32
		{A7FBF64D-ED09-4355-9154-2B4343FF5990}.Debug|x86.Build.0 = Debug|Win32
		{A7FBF64D-ED09-4355-9154-2B4343FF5990}.Release|x64.ActiveCfg = Release|x64
		{A7FBF64D-ED09-4355-9154-2B4343FF5990}.Release|x64.Build.0 = Release|x64
		{A7FBF64D-ED09-4355-9154-2B4343FF5990}.Release|x86.ActiveCfg = Release|Win32
		{A7FBF64D-ED09-4355-9154-2B4343FF5990}.Release|x86.Build.0 = Release|Win32
		{0C8E5C27-8FB5-4749-83E1-63972FE14C83}.Debug|x64.ActiveCfg = Debug|x64
		{0C8E5C27-8FB5-4749-83E1-63972FE14C83}.Debug|x64.Build.0 = Debug|x64
		{0C8E5C27-8FB5-4749-83E1-63972FE14C83}.Debug|x86.ActiveCfg = Debug|Win32
		{0C8E5C27-8FB5-4749-83E1-63972FE14C83}.Debug|x86.Build.0 = Debug|Win32
		{0C8E5C27-8FB5-4749-83E1-63972FE14C83}.Release|x64.ActiveCfg = Release|x64
		{0C8E5C27-8FB5-4749-83E1-63972FE14C83}.Release|x64.Build.0 = Release|x64
		{0C8E5C27-8FB5-4749-83E1-63972FE14C83}.Release|x86.ActiveCfg = Release|Win32
		{0C8E5C27-8FB5-4749-83E1-63972FE14C83}.Release|x86.Build.0 = Release|Win32
		{8E9132B1-B400-4C8B-9655-15180D190443}.Debug|x64.ActiveCfg = Debug|x64
		{8E9132B1-B400-4C8B-9655-15180D190443}.Debug|x64.Build.0 = Debug|x64
		{8E9132B1-B400-4C8B-9655-15180D190443}.Debug|x86.ActiveCfg = Debug|Win32
		{8E9132B1-B400-4C8B-9655-15180D190443}.Debug|x86.Build.0 = Debug|Win32
		{8E9132B1-B400-4C8B-9655-15180D190443}.Release|x64.ActiveCfg = Release|x64
		{8E9132B1-B400-4C8B-9655-15180D190443}.Release|x64.Build.0 = Release|x64
		{8E9132B1-B400-4C8B-9655-15180D190443}.Release|x86.ActiveCfg = Release|Win32
		{8E9132B1-B400-4C8B-9655-15180D190443}.Release|x86.Build.0 = Release|Win32
		{E3858BF5-BD2F-40DD-99BE-CC7E076FB31A}.Debug|x64.ActiveCfg = Debug|x64
		{E3858BF5-BD2F-40DD-99BE-CC7E076FB31A}.Debug|x64.Build.0 = Debug|x64
		{E3858BF5-BD2F-40DD-99BE-CC7E076FB31A}.Debug|x86.ActiveCfg = Debug|Win32
		{E3858BF5-BD2F-40DD-99BE-CC7E076FB31A}.Debug|x86.Build.0 = Debug|Win32
		{E3858BF5-BD2F-40DD-99BE-CC7E076FB31A}.Release|x64.ActiveCfg = Release|x64
		{E3858BF5-BD2F-40DD-99BE-CC7E076FB31A}.Release|x64.Build.0 = Release|x64
		{E3858BF5-BD2F-40DD-99BE-CC7E076FB31A}.Release|x86.ActiveCfg = Release|Win32
		{E3858BF5-BD2F-40DD-99BE-CC7E076FB31A}.Release|x86.Build.0 = Release|Win32
		{8CC07A11-7613-4695-8B6F-485C61DBCB1D}.Debug|x64.ActiveCfg = Debug|x64
		{8CC07A11-7613-4695-8B6F-485C61DBCB1D}.Debug|x64.Build.0 = Debug|x64
		{8CC07A11-7613-4695-8B6F-485C61DBCB1D}.Debug|x86.ActiveCfg = Debug|Win32
		{8CC07A11-7613-4695-8B6F-485C61DBCB1D}.Debug|x86.Build.0 = Debug|Win32
		{8CC07A11-7613-4695-8B6F-485C61DBCB1D}.Release|x64.ActiveCfg = Release|x64
		{8CC07A11-7613-4695-8B6F-485C61DBCB1D}.Release|x64.Build.0 = Release|x64
		{8CC07A11-7613-4695-8B6F-485C61DBCB1D}.Release|x86.ActiveCfg = Release|Win32
		{8CC07A11-7613-4695-8B6F-485C61DBCB1D}.Release|x86.Build.0 = Release|Win32
		{9E67C3FB-11FC-474D-AC5B-119849BA0D09}.Debug|x64.ActiveCfg = Debug|x64
		{9E67C3FB-11FC-474D-AC5B-119849BA0D09}.Debug|x64.Build.0 = Debug|x64
		{9E67C3FB-11FC-474D-AC5B-119849BA0D09}.Debug|x86.ActiveCfg = Debug|Win32
		{9E67C3FB-11FC-474D-AC5B-119849BA0D09}.Debug|x86.Build.0 = Debug|Win32
		{9E67C3FB-11FC-474D-AC5B-119849BA0D09}.Release|x64.ActiveCfg = Release|x64
		{9E67C3FB-11FC-474D-AC5B-119849BA0D09}.Release|x64.Build.0 = Release|x64
		{9E67C3FB-11FC-474D-AC5B-119849BA0D09}.Release|x86.ActiveCfg = Release|Win32
		{9E67C3FB-11FC-474D-AC5B-119849BA0D09}.Release|x86.Build.0 = Release|Win32
		{D31C99F3-3B70-44A8-8A5C-9FF35331E83F}.Debug|x64.ActiveCfg = Debug|x64
		{D31C99F3-3B70-44A8-8A5C-9FF35331E83F}.Debug|x64.Build.0 = Debug|x64
		{D31C99F3-3B70-44A8-8A5C-9FF35331E83F}.Debug|x86.ActiveCfg = Debug|Win32
		{D31C99F3-3B70-44A8-8A5C-9FF35331E83F}.Debug|x86.Build.0 = Debug|Win32
		{D31C99F3-3B70-44A8-8A5C-9FF35331E83F}.Release|x64.ActiveCfg = Release|x64
		{D31C99F3-3B70-44A8-8A5C-9FF35331E83F}.Release|x64.Build.0 = Release|x64
		{D31C99F3-3B70-44A8-8A5C-9FF35331E83F}.Release|x86.ActiveCfg = Release|Win32
		{D31C99F3-3B70-44A8-8A5C-9FF35331E83F}.Release|x86.Build.0 = Release|Win32
		{8962BAA7-EEFE-4775-A8F6-EC09D8A3A3A8}.Debug|x64.ActiveCfg = Debug|x64
		{8962BAA7-EEFE-4775-A8F6-EC09D8A3A3A8}.Debug|x64.Build.0 = Debug|x64
		{8962BAA7-EEFE-4775-A8F6-EC09D8A3A3A8}.Debug|x86.ActiveCfg = Debug|Win32
		{8962BAA7-EEFE-4775-A8F6-EC09D8A3A3A8}.Debug|x86.Build.0 = Debug|Win32
		{8962BAA7-EEFE-4775-A8F6-EC09D8A3A3A8}.Release|x64.ActiveCfg = Release|x64
		{8962BAA7-EEFE-4775-A8F6-EC09D8A3A3A8}.Release|x64.Build.0 = Release|x64
		{8962BAA7-EEFE-4775-A8F6-EC09D8A3A3A8}.Release|x86.ActiveCfg = Release|Win32
		{8962BAA7-EEFE-4775-A8F6-EC09D8A3A3A8}.Release|x86.Build.0 = Release|Win32
		{1E687044-53F8-443D-BFD6-B722113DABC7}.Debug|x64.ActiveCfg = Debug|x64
		{1E687044-53F8-443D-BFD6-B722113DABC7}.Debug|x64.Build.0 = Debug|x64
		{1E687044-53F8-443D-BFD6-B722113DABC7}.Debug|x86.ActiveCfg = Debug|Win32
		{1E687044-53F8-443D-BFD6-B722113DABC7}.Debug|x86.Build.0 = Debug|Win32
		{1E687044-53F8-443D-BFD6-B722113DABC7}.Release|x64.ActiveCfg = Release|x64
		{1E687044-53F8-443D-BFD6-B722113DABC7}.Release|x64.Build.0 = Release|x64
		{1E687044-53F8-443D-BFD6-B722113DABC7}.Release|x86.ActiveCfg = Release|Win32
		{1E687044-53F8-443D-BFD6-B722113DABC7}.Release|x86.Build.0 = Release|Win32
		{93A79D71-47CF-4E6E-AFB4-51068FB25DA4}.Debug|x64.ActiveCfg = Debug|x64
		{93A79D71-47CF-4E6E-AFB4-51068FB25DA4}.Debug|x64.Build.0 = Debug|x64
		{93A79D71-47CF-4E6E-AFB4-51068FB25DA4}.Debug|x86.ActiveCfg = Debug|Win32
		{93A79D71-47CF-4E6E-AFB4-51068FB25DA4}.Debug|x86.Build.0 = Debug|Win32
		{93A79D71-47CF-4E6E-AFB4-51068FB25DA4}.Release|x64.ActiveCfg = Release|x64
		{93A79D71-47CF-4E6E-AFB4-51068FB25DA4}.Release|x64.Build.0 = Release|x64
		{93A79D71-47CF-4E6E-AFB4-51068FB25DA4}.Release|x86.ActiveCfg = Release|Win32
		{93A79D71-47CF-4E6E-AFB4-51068FB25DA4}.Release|x86.Build.0 = Release|Win32
		{B8CE9E52-132A-42E2-951B-B649EFAB7EFF}.Debug|x64.ActiveCfg = Debug|x64
		{B8CE9E52-132A-42E2-951B-B649EFAB7EFF}.Debug|x64.Build.0 = Debug|x64
		{B8CE9E52-132A-42E2-951B-B649EFAB7EFF}.Debug|x86.ActiveCfg = Debug|Win32
		{B8CE9E52-132A-42E2-951B-B649EFAB7EFF}.Debug|x86.Build.0 = Debug|Win32
		{B8CE9E52-132A-42E2-951B-B649EFAB7EFF}.Release|x64.ActiveCfg = Release|x64
		{B8CE9E52-132A-42E2-951B-B649EFAB7EFF}.Release|x64.Build.0 = Release|x64
		{B8CE9E52-132A-42E2-951B-B649EFAB7EFF}.Release|x86.ActiveCfg = Release|Win32
		{B8CE9E52-132A-42E2-951B-B649EFAB7EFF}.Release|x86.Build.0 = Release|Win32
	EndGlobalSection
	GlobalSection(SolutionProperties) = preSolution
		HideSolutionNode = FALSE
	EndGlobalSection
	GlobalSection(ExtensibilityGlobals) = postSolution
		SolutionGuid = {AEF4490C-7DA9-471C-B9F1-046F6E80B468}
	EndGlobalSection
EndGlobal
