
Microsoft Visual Studio Solution File, Format Version 12.00
# Visual Studio Version 16
VisualStudioVersion = 16.0.29025.244
MinimumVisualStudioVersion = 10.0.40219.1
Project("{8BC9CEB8-8B4A-11D0-8D11-00A0C91BC942}") = "01_MemoryLayoutTest", "01_MemoryLayoutTest\01_MemoryLayoutTest.vcxproj", "{53471A74-27F3-493C-9EFB-019FC3D8925E}"
EndProject
Project("{8BC9CEB8-8B4A-11D0-8D11-00A0C91BC942}") = "02_ObjectsAndIdentifiers", "02_FiveStorageClasses\02_FiveStorageClasses.vcxproj", "{AA1A8274-C946-43E6-B141-191B0EFA9A3E}"
EndProject
Project("{8BC9CEB8-8B4A-11D0-8D11-00A0C91BC942}") = "03A_Scope", "03A_Scope\03A_Scope.vcxproj", "{9F54E46B-6B1D-49FA-9306-C63ACEFB5F03}"
EndProject
Project("{8BC9CEB8-8B4A-11D0-8D11-00A0C91BC942}") = "03B_Linkage", "03B_Linkage\03B_Linkage.vcxproj", "{D2085C27-4793-43B7-8FB8-603D1652D5C5}"
EndProject
Project("{8BC9CEB8-8B4A-11D0-8D11-00A0C91BC942}") = "03C_Duration", "03C_Duration\03C_Duration.vcxproj", "{DBE8D84B-0C1B-4046-9751-E417FE5B5D39}"
EndProject
Project("{8BC9CEB8-8B4A-11D0-8D11-00A0C91BC942}") = "03A_0FileScope", "03A_0FileScope\03A_0FileScope.vcxproj", "{B7D78E3A-5616-46E4-A065-E4EC0842D2B8}"
EndProject
Project("{8BC9CEB8-8B4A-11D0-8D11-00A0C91BC942}") = "05_AutomaticVariables", "04_Automatic\04_Automatic.vcxproj", "{8D12CCF1-881C-466C-BEAE-01DF26FC4445}"
EndProject
Project("{8BC9CEB8-8B4A-11D0-8D11-00A0C91BC942}") = "06_RegisterVariables", "06_RegisterVariables\06_RegisterVariables.vcxproj", "{ECD096DB-E205-48C8-B286-37F50C088B09}"
EndProject
Project("{8BC9CEB8-8B4A-11D0-8D11-00A0C91BC942}") = "07_StaticVariablesWithBlockScope", "07_StaticVariablesWithBlockScope\07_StaticVariablesWithBlockScope.vcxproj", "{6F879587-8D60-4FBC-A086-54555C4F458A}"
EndProject
Project("{8BC9CEB8-8B4A-11D0-8D11-00A0C91BC942}") = "08_ExternalLinkages", "08_Linkages\08_Linkages.vcxproj", "{22B4ECF5-4F08-40EB-A13F-E56BDFAB9FBC}"
EndProject
Project("{8BC9CEB8-8B4A-11D0-8D11-00A0C91BC942}") = "09_InternalLinkages", "09_InternalLinkages\09_InternalLinkages.vcxproj", "{CCC9D15E-53B0-4AB3-896C-0A1D26E54409}"
EndProject
Project("{8BC9CEB8-8B4A-11D0-8D11-00A0C91BC942}") = "11_FunctionStorageClasses", "10_FunctionStorageClasses\10_FunctionStorageClasses.vcxproj", "{21B380FE-9AB6-4C22-A50A-D17B791C69EF}"
EndProject
Project("{8BC9CEB8-8B4A-11D0-8D11-00A0C91BC942}") = "12C_DiceRoll", "DiceRoll\DiceRoll.vcxproj", "{8885B63B-8212-42B5-AC05-08793F216265}"
EndProject
Project("{8BC9CEB8-8B4A-11D0-8D11-00A0C91BC942}") = "12_PseudoRandom", "11A_PseudoRandom\11A_PseudoRandom.vcxproj", "{BD8F81D2-CD01-4148-B2B9-E358FC9C58BC}"
EndProject
Project("{8BC9CEB8-8B4A-11D0-8D11-00A0C91BC942}") = "12B_PseudoRandomANS", "11B_PseudoRandomANS\11B_PseudoRandomANS.vcxproj", "{533828EC-9E3A-4752-81CC-A49337F1BCA6}"
EndProject
Project("{8BC9CEB8-8B4A-11D0-8D11-00A0C91BC942}") = "12A_PseudoRandomProb", "11A_PseudoRandomProb\11A_PseudoRandomProb.vcxproj", "{F16BFA68-BAFF-4EF6-9F1A-5471B83AA67C}"
EndProject
Project("{8BC9CEB8-8B4A-11D0-8D11-00A0C91BC942}") = "Thread", "Thread\Thread.vcxproj", "{E6E6427B-88FB-4E8C-9239-6781AB2A6731}"
EndProject
Project("{8BC9CEB8-8B4A-11D0-8D11-00A0C91BC942}") = "13_AllocatedMemory", "12_AllocatedMemory\12_AllocatedMemory.vcxproj", "{EC5606FA-4C19-4B8F-A36D-3DB60BB9DEA4}"
EndProject
Project("{8BC9CEB8-8B4A-11D0-8D11-00A0C91BC942}") = "14_Free", "14_Free\14_Free.vcxproj", "{509B7D80-2D6C-41B9-8045-3F0C70C30DE6}"
EndProject
Project("{8BC9CEB8-8B4A-11D0-8D11-00A0C91BC942}") = "15_DynamicallyAllocatedArrays", "15_DynamicallyAllocatedArrays\15_DynamicallyAllocatedArrays.vcxproj", "{B147CF8E-F03D-468D-B8B1-9E1BF5C6E123}"
EndProject
Project("{8BC9CEB8-8B4A-11D0-8D11-00A0C91BC942}") = "16_calloc_realloc", "calloc_realloc\calloc_realloc.vcxproj", "{516ED436-D2D2-40A9-8B8D-64C0354CC7E1}"
EndProject
Project("{8BC9CEB8-8B4A-11D0-8D11-00A0C91BC942}") = "17_StorageClassesAndDynamicAlloc", "17_StorageClassesAndDynamicAlloc\17_StorageClassesAndDynamicAlloc.vcxproj", "{21D49A5A-C68B-4345-961B-C00BE0E9DEE1}"
EndProject
Project("{8BC9CEB8-8B4A-11D0-8D11-00A0C91BC942}") = "18_Qualifiers", "18_Qualifiers\18_Qualifiers.vcxproj", "{B1EF5696-6AAD-4123-A354-7C4D71A4B6FE}"
EndProject
Global
	GlobalSection(SolutionConfigurationPlatforms) = preSolution
		Debug|x64 = Debug|x64
		Debug|x86 = Debug|x86
		Release|x64 = Release|x64
		Release|x86 = Release|x86
	EndGlobalSection
	GlobalSection(ProjectConfigurationPlatforms) = postSolution
		{53471A74-27F3-493C-9EFB-019FC3D8925E}.Debug|x64.ActiveCfg = Debug|x64
		{53471A74-27F3-493C-9EFB-019FC3D8925E}.Debug|x64.Build.0 = Debug|x64
		{53471A74-27F3-493C-9EFB-019FC3D8925E}.Debug|x86.ActiveCfg = Debug|Win32
		{53471A74-27F3-493C-9EFB-019FC3D8925E}.Debug|x86.Build.0 = Debug|Win32
		{53471A74-27F3-493C-9EFB-019FC3D8925E}.Release|x64.ActiveCfg = Release|x64
		{53471A74-27F3-493C-9EFB-019FC3D8925E}.Release|x64.Build.0 = Release|x64
		{53471A74-27F3-493C-9EFB-019FC3D8925E}.Release|x86.ActiveCfg = Release|Win32
		{53471A74-27F3-493C-9EFB-019FC3D8925E}.Release|x86.Build.0 = Release|Win32
		{AA1A8274-C946-43E6-B141-191B0EFA9A3E}.Debug|x64.ActiveCfg = Debug|x64
		{AA1A8274-C946-43E6-B141-191B0EFA9A3E}.Debug|x64.Build.0 = Debug|x64
		{AA1A8274-C946-43E6-B141-191B0EFA9A3E}.Debug|x86.ActiveCfg = Debug|Win32
		{AA1A8274-C946-43E6-B141-191B0EFA9A3E}.Debug|x86.Build.0 = Debug|Win32
		{AA1A8274-C946-43E6-B141-191B0EFA9A3E}.Release|x64.ActiveCfg = Release|x64
		{AA1A8274-C946-43E6-B141-191B0EFA9A3E}.Release|x64.Build.0 = Release|x64
		{AA1A8274-C946-43E6-B141-191B0EFA9A3E}.Release|x86.ActiveCfg = Release|Win32
		{AA1A8274-C946-43E6-B141-191B0EFA9A3E}.Release|x86.Build.0 = Release|Win32
		{9F54E46B-6B1D-49FA-9306-C63ACEFB5F03}.Debug|x64.ActiveCfg = Debug|x64
		{9F54E46B-6B1D-49FA-9306-C63ACEFB5F03}.Debug|x64.Build.0 = Debug|x64
		{9F54E46B-6B1D-49FA-9306-C63ACEFB5F03}.Debug|x86.ActiveCfg = Debug|Win32
		{9F54E46B-6B1D-49FA-9306-C63ACEFB5F03}.Debug|x86.Build.0 = Debug|Win32
		{9F54E46B-6B1D-49FA-9306-C63ACEFB5F03}.Release|x64.ActiveCfg = Release|x64
		{9F54E46B-6B1D-49FA-9306-C63ACEFB5F03}.Release|x64.Build.0 = Release|x64
		{9F54E46B-6B1D-49FA-9306-C63ACEFB5F03}.Release|x86.ActiveCfg = Release|Win32
		{9F54E46B-6B1D-49FA-9306-C63ACEFB5F03}.Release|x86.Build.0 = Release|Win32
		{D2085C27-4793-43B7-8FB8-603D1652D5C5}.Debug|x64.ActiveCfg = Debug|x64
		{D2085C27-4793-43B7-8FB8-603D1652D5C5}.Debug|x64.Build.0 = Debug|x64
		{D2085C27-4793-43B7-8FB8-603D1652D5C5}.Debug|x86.ActiveCfg = Debug|Win32
		{D2085C27-4793-43B7-8FB8-603D1652D5C5}.Debug|x86.Build.0 = Debug|Win32
		{D2085C27-4793-43B7-8FB8-603D1652D5C5}.Release|x64.ActiveCfg = Release|x64
		{D2085C27-4793-43B7-8FB8-603D1652D5C5}.Release|x64.Build.0 = Release|x64
		{D2085C27-4793-43B7-8FB8-603D1652D5C5}.Release|x86.ActiveCfg = Release|Win32
		{D2085C27-4793-43B7-8FB8-603D1652D5C5}.Release|x86.Build.0 = Release|Win32
		{DBE8D84B-0C1B-4046-9751-E417FE5B5D39}.Debug|x64.ActiveCfg = Debug|x64
		{DBE8D84B-0C1B-4046-9751-E417FE5B5D39}.Debug|x64.Build.0 = Debug|x64
		{DBE8D84B-0C1B-4046-9751-E417FE5B5D39}.Debug|x86.ActiveCfg = Debug|Win32
		{DBE8D84B-0C1B-4046-9751-E417FE5B5D39}.Debug|x86.Build.0 = Debug|Win32
		{DBE8D84B-0C1B-4046-9751-E417FE5B5D39}.Release|x64.ActiveCfg = Release|x64
		{DBE8D84B-0C1B-4046-9751-E417FE5B5D39}.Release|x64.Build.0 = Release|x64
		{DBE8D84B-0C1B-4046-9751-E417FE5B5D39}.Release|x86.ActiveCfg = Release|Win32
		{DBE8D84B-0C1B-4046-9751-E417FE5B5D39}.Release|x86.Build.0 = Release|Win32
		{B7D78E3A-5616-46E4-A065-E4EC0842D2B8}.Debug|x64.ActiveCfg = Debug|x64
		{B7D78E3A-5616-46E4-A065-E4EC0842D2B8}.Debug|x64.Build.0 = Debug|x64
		{B7D78E3A-5616-46E4-A065-E4EC0842D2B8}.Debug|x86.ActiveCfg = Debug|Win32
		{B7D78E3A-5616-46E4-A065-E4EC0842D2B8}.Debug|x86.Build.0 = Debug|Win32
		{B7D78E3A-5616-46E4-A065-E4EC0842D2B8}.Release|x64.ActiveCfg = Release|x64
		{B7D78E3A-5616-46E4-A065-E4EC0842D2B8}.Release|x64.Build.0 = Release|x64
		{B7D78E3A-5616-46E4-A065-E4EC0842D2B8}.Release|x86.ActiveCfg = Release|Win32
		{B7D78E3A-5616-46E4-A065-E4EC0842D2B8}.Release|x86.Build.0 = Release|Win32
		{8D12CCF1-881C-466C-BEAE-01DF26FC4445}.Debug|x64.ActiveCfg = Debug|x64
		{8D12CCF1-881C-466C-BEAE-01DF26FC4445}.Debug|x64.Build.0 = Debug|x64
		{8D12CCF1-881C-466C-BEAE-01DF26FC4445}.Debug|x86.ActiveCfg = Debug|Win32
		{8D12CCF1-881C-466C-BEAE-01DF26FC4445}.Debug|x86.Build.0 = Debug|Win32
		{8D12CCF1-881C-466C-BEAE-01DF26FC4445}.Release|x64.ActiveCfg = Release|x64
		{8D12CCF1-881C-466C-BEAE-01DF26FC4445}.Release|x64.Build.0 = Release|x64
		{8D12CCF1-881C-466C-BEAE-01DF26FC4445}.Release|x86.ActiveCfg = Release|Win32
		{8D12CCF1-881C-466C-BEAE-01DF26FC4445}.Release|x86.Build.0 = Release|Win32
		{ECD096DB-E205-48C8-B286-37F50C088B09}.Debug|x64.ActiveCfg = Debug|x64
		{ECD096DB-E205-48C8-B286-37F50C088B09}.Debug|x64.Build.0 = Debug|x64
		{ECD096DB-E205-48C8-B286-37F50C088B09}.Debug|x86.ActiveCfg = Debug|Win32
		{ECD096DB-E205-48C8-B286-37F50C088B09}.Debug|x86.Build.0 = Debug|Win32
		{ECD096DB-E205-48C8-B286-37F50C088B09}.Release|x64.ActiveCfg = Release|x64
		{ECD096DB-E205-48C8-B286-37F50C088B09}.Release|x64.Build.0 = Release|x64
		{ECD096DB-E205-48C8-B286-37F50C088B09}.Release|x86.ActiveCfg = Release|Win32
		{ECD096DB-E205-48C8-B286-37F50C088B09}.Release|x86.Build.0 = Release|Win32
		{6F879587-8D60-4FBC-A086-54555C4F458A}.Debug|x64.ActiveCfg = Debug|x64
		{6F879587-8D60-4FBC-A086-54555C4F458A}.Debug|x64.Build.0 = Debug|x64
		{6F879587-8D60-4FBC-A086-54555C4F458A}.Debug|x86.ActiveCfg = Debug|Win32
		{6F879587-8D60-4FBC-A086-54555C4F458A}.Debug|x86.Build.0 = Debug|Win32
		{6F879587-8D60-4FBC-A086-54555C4F458A}.Release|x64.ActiveCfg = Release|x64
		{6F879587-8D60-4FBC-A086-54555C4F458A}.Release|x64.Build.0 = Release|x64
		{6F879587-8D60-4FBC-A086-54555C4F458A}.Release|x86.ActiveCfg = Release|Win32
		{6F879587-8D60-4FBC-A086-54555C4F458A}.Release|x86.Build.0 = Release|Win32
		{22B4ECF5-4F08-40EB-A13F-E56BDFAB9FBC}.Debug|x64.ActiveCfg = Debug|x64
		{22B4ECF5-4F08-40EB-A13F-E56BDFAB9FBC}.Debug|x64.Build.0 = Debug|x64
		{22B4ECF5-4F08-40EB-A13F-E56BDFAB9FBC}.Debug|x86.ActiveCfg = Debug|Win32
		{22B4ECF5-4F08-40EB-A13F-E56BDFAB9FBC}.Debug|x86.Build.0 = Debug|Win32
		{22B4ECF5-4F08-40EB-A13F-E56BDFAB9FBC}.Release|x64.ActiveCfg = Release|x64
		{22B4ECF5-4F08-40EB-A13F-E56BDFAB9FBC}.Release|x64.Build.0 = Release|x64
		{22B4ECF5-4F08-40EB-A13F-E56BDFAB9FBC}.Release|x86.ActiveCfg = Release|Win32
		{22B4ECF5-4F08-40EB-A13F-E56BDFAB9FBC}.Release|x86.Build.0 = Release|Win32
		{CCC9D15E-53B0-4AB3-896C-0A1D26E54409}.Debug|x64.ActiveCfg = Debug|x64
		{CCC9D15E-53B0-4AB3-896C-0A1D26E54409}.Debug|x64.Build.0 = Debug|x64
		{CCC9D15E-53B0-4AB3-896C-0A1D26E54409}.Debug|x86.ActiveCfg = Debug|Win32
		{CCC9D15E-53B0-4AB3-896C-0A1D26E54409}.Debug|x86.Build.0 = Debug|Win32
		{CCC9D15E-53B0-4AB3-896C-0A1D26E54409}.Release|x64.ActiveCfg = Release|x64
		{CCC9D15E-53B0-4AB3-896C-0A1D26E54409}.Release|x64.Build.0 = Release|x64
		{CCC9D15E-53B0-4AB3-896C-0A1D26E54409}.Release|x86.ActiveCfg = Release|Win32
		{CCC9D15E-53B0-4AB3-896C-0A1D26E54409}.Release|x86.Build.0 = Release|Win32
		{21B380FE-9AB6-4C22-A50A-D17B791C69EF}.Debug|x64.ActiveCfg = Debug|x64
		{21B380FE-9AB6-4C22-A50A-D17B791C69EF}.Debug|x64.Build.0 = Debug|x64
		{21B380FE-9AB6-4C22-A50A-D17B791C69EF}.Debug|x86.ActiveCfg = Debug|Win32
		{21B380FE-9AB6-4C22-A50A-D17B791C69EF}.Debug|x86.Build.0 = Debug|Win32
		{21B380FE-9AB6-4C22-A50A-D17B791C69EF}.Release|x64.ActiveCfg = Release|x64
		{21B380FE-9AB6-4C22-A50A-D17B791C69EF}.Release|x64.Build.0 = Release|x64
		{21B380FE-9AB6-4C22-A50A-D17B791C69EF}.Release|x86.ActiveCfg = Release|Win32
		{21B380FE-9AB6-4C22-A50A-D17B791C69EF}.Release|x86.Build.0 = Release|Win32
		{8885B63B-8212-42B5-AC05-08793F216265}.Debug|x64.ActiveCfg = Debug|x64
		{8885B63B-8212-42B5-AC05-08793F216265}.Debug|x64.Build.0 = Debug|x64
		{8885B63B-8212-42B5-AC05-08793F216265}.Debug|x86.ActiveCfg = Debug|Win32
		{8885B63B-8212-42B5-AC05-08793F216265}.Debug|x86.Build.0 = Debug|Win32
		{8885B63B-8212-42B5-AC05-08793F216265}.Release|x64.ActiveCfg = Release|x64
		{8885B63B-8212-42B5-AC05-08793F216265}.Release|x64.Build.0 = Release|x64
		{8885B63B-8212-42B5-AC05-08793F216265}.Release|x86.ActiveCfg = Release|Win32
		{8885B63B-8212-42B5-AC05-08793F216265}.Release|x86.Build.0 = Release|Win32
		{BD8F81D2-CD01-4148-B2B9-E358FC9C58BC}.Debug|x64.ActiveCfg = Debug|x64
		{BD8F81D2-CD01-4148-B2B9-E358FC9C58BC}.Debug|x64.Build.0 = Debug|x64
		{BD8F81D2-CD01-4148-B2B9-E358FC9C58BC}.Debug|x86.ActiveCfg = Debug|Win32
		{BD8F81D2-CD01-4148-B2B9-E358FC9C58BC}.Debug|x86.Build.0 = Debug|Win32
		{BD8F81D2-CD01-4148-B2B9-E358FC9C58BC}.Release|x64.ActiveCfg = Release|x64
		{BD8F81D2-CD01-4148-B2B9-E358FC9C58BC}.Release|x64.Build.0 = Release|x64
		{BD8F81D2-CD01-4148-B2B9-E358FC9C58BC}.Release|x86.ActiveCfg = Release|Win32
		{BD8F81D2-CD01-4148-B2B9-E358FC9C58BC}.Release|x86.Build.0 = Release|Win32
		{533828EC-9E3A-4752-81CC-A49337F1BCA6}.Debug|x64.ActiveCfg = Debug|x64
		{533828EC-9E3A-4752-81CC-A49337F1BCA6}.Debug|x64.Build.0 = Debug|x64
		{533828EC-9E3A-4752-81CC-A49337F1BCA6}.Debug|x86.ActiveCfg = Debug|Win32
		{533828EC-9E3A-4752-81CC-A49337F1BCA6}.Debug|x86.Build.0 = Debug|Win32
		{533828EC-9E3A-4752-81CC-A49337F1BCA6}.Release|x64.ActiveCfg = Release|x64
		{533828EC-9E3A-4752-81CC-A49337F1BCA6}.Release|x64.Build.0 = Release|x64
		{533828EC-9E3A-4752-81CC-A49337F1BCA6}.Release|x86.ActiveCfg = Release|Win32
		{533828EC-9E3A-4752-81CC-A49337F1BCA6}.Release|x86.Build.0 = Release|Win32
		{F16BFA68-BAFF-4EF6-9F1A-5471B83AA67C}.Debug|x64.ActiveCfg = Debug|x64
		{F16BFA68-BAFF-4EF6-9F1A-5471B83AA67C}.Debug|x64.Build.0 = Debug|x64
		{F16BFA68-BAFF-4EF6-9F1A-5471B83AA67C}.Debug|x86.ActiveCfg = Debug|Win32
		{F16BFA68-BAFF-4EF6-9F1A-5471B83AA67C}.Debug|x86.Build.0 = Debug|Win32
		{F16BFA68-BAFF-4EF6-9F1A-5471B83AA67C}.Release|x64.ActiveCfg = Release|x64
		{F16BFA68-BAFF-4EF6-9F1A-5471B83AA67C}.Release|x64.Build.0 = Release|x64
		{F16BFA68-BAFF-4EF6-9F1A-5471B83AA67C}.Release|x86.ActiveCfg = Release|Win32
		{F16BFA68-BAFF-4EF6-9F1A-5471B83AA67C}.Release|x86.Build.0 = Release|Win32
		{E6E6427B-88FB-4E8C-9239-6781AB2A6731}.Debug|x64.ActiveCfg = Debug|x64
		{E6E6427B-88FB-4E8C-9239-6781AB2A6731}.Debug|x64.Build.0 = Debug|x64
		{E6E6427B-88FB-4E8C-9239-6781AB2A6731}.Debug|x86.ActiveCfg = Debug|Win32
		{E6E6427B-88FB-4E8C-9239-6781AB2A6731}.Debug|x86.Build.0 = Debug|Win32
		{E6E6427B-88FB-4E8C-9239-6781AB2A6731}.Release|x64.ActiveCfg = Release|x64
		{E6E6427B-88FB-4E8C-9239-6781AB2A6731}.Release|x64.Build.0 = Release|x64
		{E6E6427B-88FB-4E8C-9239-6781AB2A6731}.Release|x86.ActiveCfg = Release|Win32
		{E6E6427B-88FB-4E8C-9239-6781AB2A6731}.Release|x86.Build.0 = Release|Win32
		{EC5606FA-4C19-4B8F-A36D-3DB60BB9DEA4}.Debug|x64.ActiveCfg = Debug|x64
		{EC5606FA-4C19-4B8F-A36D-3DB60BB9DEA4}.Debug|x64.Build.0 = Debug|x64
		{EC5606FA-4C19-4B8F-A36D-3DB60BB9DEA4}.Debug|x86.ActiveCfg = Debug|Win32
		{EC5606FA-4C19-4B8F-A36D-3DB60BB9DEA4}.Debug|x86.Build.0 = Debug|Win32
		{EC5606FA-4C19-4B8F-A36D-3DB60BB9DEA4}.Release|x64.ActiveCfg = Release|x64
		{EC5606FA-4C19-4B8F-A36D-3DB60BB9DEA4}.Release|x64.Build.0 = Release|x64
		{EC5606FA-4C19-4B8F-A36D-3DB60BB9DEA4}.Release|x86.ActiveCfg = Release|Win32
		{EC5606FA-4C19-4B8F-A36D-3DB60BB9DEA4}.Release|x86.Build.0 = Release|Win32
		{509B7D80-2D6C-41B9-8045-3F0C70C30DE6}.Debug|x64.ActiveCfg = Debug|x64
		{509B7D80-2D6C-41B9-8045-3F0C70C30DE6}.Debug|x64.Build.0 = Debug|x64
		{509B7D80-2D6C-41B9-8045-3F0C70C30DE6}.Debug|x86.ActiveCfg = Debug|Win32
		{509B7D80-2D6C-41B9-8045-3F0C70C30DE6}.Debug|x86.Build.0 = Debug|Win32
		{509B7D80-2D6C-41B9-8045-3F0C70C30DE6}.Release|x64.ActiveCfg = Release|x64
		{509B7D80-2D6C-41B9-8045-3F0C70C30DE6}.Release|x64.Build.0 = Release|x64
		{509B7D80-2D6C-41B9-8045-3F0C70C30DE6}.Release|x86.ActiveCfg = Release|Win32
		{509B7D80-2D6C-41B9-8045-3F0C70C30DE6}.Release|x86.Build.0 = Release|Win32
		{B147CF8E-F03D-468D-B8B1-9E1BF5C6E123}.Debug|x64.ActiveCfg = Debug|x64
		{B147CF8E-F03D-468D-B8B1-9E1BF5C6E123}.Debug|x64.Build.0 = Debug|x64
		{B147CF8E-F03D-468D-B8B1-9E1BF5C6E123}.Debug|x86.ActiveCfg = Debug|Win32
		{B147CF8E-F03D-468D-B8B1-9E1BF5C6E123}.Debug|x86.Build.0 = Debug|Win32
		{B147CF8E-F03D-468D-B8B1-9E1BF5C6E123}.Release|x64.ActiveCfg = Release|x64
		{B147CF8E-F03D-468D-B8B1-9E1BF5C6E123}.Release|x64.Build.0 = Release|x64
		{B147CF8E-F03D-468D-B8B1-9E1BF5C6E123}.Release|x86.ActiveCfg = Release|Win32
		{B147CF8E-F03D-468D-B8B1-9E1BF5C6E123}.Release|x86.Build.0 = Release|Win32
		{516ED436-D2D2-40A9-8B8D-64C0354CC7E1}.Debug|x64.ActiveCfg = Debug|x64
		{516ED436-D2D2-40A9-8B8D-64C0354CC7E1}.Debug|x64.Build.0 = Debug|x64
		{516ED436-D2D2-40A9-8B8D-64C0354CC7E1}.Debug|x86.ActiveCfg = Debug|Win32
		{516ED436-D2D2-40A9-8B8D-64C0354CC7E1}.Debug|x86.Build.0 = Debug|Win32
		{516ED436-D2D2-40A9-8B8D-64C0354CC7E1}.Release|x64.ActiveCfg = Release|x64
		{516ED436-D2D2-40A9-8B8D-64C0354CC7E1}.Release|x64.Build.0 = Release|x64
		{516ED436-D2D2-40A9-8B8D-64C0354CC7E1}.Release|x86.ActiveCfg = Release|Win32
		{516ED436-D2D2-40A9-8B8D-64C0354CC7E1}.Release|x86.Build.0 = Release|Win32
		{21D49A5A-C68B-4345-961B-C00BE0E9DEE1}.Debug|x64.ActiveCfg = Debug|x64
		{21D49A5A-C68B-4345-961B-C00BE0E9DEE1}.Debug|x64.Build.0 = Debug|x64
		{21D49A5A-C68B-4345-961B-C00BE0E9DEE1}.Debug|x86.ActiveCfg = Debug|Win32
		{21D49A5A-C68B-4345-961B-C00BE0E9DEE1}.Debug|x86.Build.0 = Debug|Win32
		{21D49A5A-C68B-4345-961B-C00BE0E9DEE1}.Release|x64.ActiveCfg = Release|x64
		{21D49A5A-C68B-4345-961B-C00BE0E9DEE1}.Release|x64.Build.0 = Release|x64
		{21D49A5A-C68B-4345-961B-C00BE0E9DEE1}.Release|x86.ActiveCfg = Release|Win32
		{21D49A5A-C68B-4345-961B-C00BE0E9DEE1}.Release|x86.Build.0 = Release|Win32
		{B1EF5696-6AAD-4123-A354-7C4D71A4B6FE}.Debug|x64.ActiveCfg = Debug|x64
		{B1EF5696-6AAD-4123-A354-7C4D71A4B6FE}.Debug|x64.Build.0 = Debug|x64
		{B1EF5696-6AAD-4123-A354-7C4D71A4B6FE}.Debug|x86.ActiveCfg = Debug|Win32
		{B1EF5696-6AAD-4123-A354-7C4D71A4B6FE}.Debug|x86.Build.0 = Debug|Win32
		{B1EF5696-6AAD-4123-A354-7C4D71A4B6FE}.Release|x64.ActiveCfg = Release|x64
		{B1EF5696-6AAD-4123-A354-7C4D71A4B6FE}.Release|x64.Build.0 = Release|x64
		{B1EF5696-6AAD-4123-A354-7C4D71A4B6FE}.Release|x86.ActiveCfg = Release|Win32
		{B1EF5696-6AAD-4123-A354-7C4D71A4B6FE}.Release|x86.Build.0 = Release|Win32
	EndGlobalSection
	GlobalSection(SolutionProperties) = preSolution
		HideSolutionNode = FALSE
	EndGlobalSection
	GlobalSection(ExtensibilityGlobals) = postSolution
		SolutionGuid = {974CEA54-AC84-4412-8019-C9056C87F51A}
	EndGlobalSection
EndGlobal
