
Microsoft Visual Studio Solution File, Format Version 12.00
# Visual Studio Version 16
VisualStudioVersion = 16.0.29318.209
MinimumVisualStudioVersion = 10.0.40219.1
Project("{8BC9CEB8-8B4A-11D0-8D11-00A0C91BC942}") = "02_TranslationPhase", "01_TranslationPhase\01_TranslationPhase.vcxproj", "{A6FD8B49-A429-4701-8BFA-87B7D84DE277}"
EndProject
Project("{8BC9CEB8-8B4A-11D0-8D11-00A0C91BC942}") = "03_Define", "02_Define\02_Define.vcxproj", "{2994FAEA-41DF-4E42-938B-F44912D438EB}"
EndProject
Project("{8BC9CEB8-8B4A-11D0-8D11-00A0C91BC942}") = "04_MacroFunction_A", "04_MacroFunction\04_MacroFunction.vcxproj", "{06560804-E8E5-4975-B22D-92D7DE3A4E0C}"
EndProject
Project("{8BC9CEB8-8B4A-11D0-8D11-00A0C91BC942}") = "04_MacroFunction_B", "04_MacroFunction_B\04_MacroFunction_B.vcxproj", "{671DAA59-7D9D-44D6-8E65-64F8E20E9DB9}"
EndProject
Project("{8BC9CEB8-8B4A-11D0-8D11-00A0C91BC942}") = "05_VariadicMacros", "05_VariadicMacros\05_VariadicMacros.vcxproj", "{40A78976-6B1F-4183-A18C-D1976C563E84}"
EndProject
Project("{8BC9CEB8-8B4A-11D0-8D11-00A0C91BC942}") = "06_Include", "06_Include\06_Include.vcxproj", "{C3AF68CA-6457-4739-A03A-BA01EA265B16}"
EndProject
Project("{8BC9CEB8-8B4A-11D0-8D11-00A0C91BC942}") = "07_ConditionalCompilation_A_undef", "07_OtherDirectives\07_OtherDirectives.vcxproj", "{71A0EB55-B2F6-47DE-B056-92A1AF9E62E9}"
EndProject
Project("{8BC9CEB8-8B4A-11D0-8D11-00A0C91BC942}") = "07_ConditionalCompilation_E", "07_ConditionalCompilation\07_ConditionalCompilation.vcxproj", "{F901707E-64C2-4CF3-BC14-07130C5A4C5B}"
EndProject
Project("{8BC9CEB8-8B4A-11D0-8D11-00A0C91BC942}") = "07_ConditionalCompilation_C", "07_ConditionalCompilation_C\07_ConditionalCompilation_C.vcxproj", "{B5E7F13E-4ED1-45E9-B066-FC3C3F7E830C}"
EndProject
Project("{8BC9CEB8-8B4A-11D0-8D11-00A0C91BC942}") = "07_ConditionalCompilation_D", "07_ConditionalCompilation_D\07_ConditionalCompilation_D.vcxproj", "{30801582-76BE-4EF6-975C-6C4F699D34BC}"
EndProject
Project("{8BC9CEB8-8B4A-11D0-8D11-00A0C91BC942}") = "07_ConditionalCompilation_B_Headerguards", "07_ConditionalCompilation_E_Headerguards\07_ConditionalCompilation_E_Headerguards.vcxproj", "{784990E9-7372-4A3D-B976-96BDC5BBE7B2}"
EndProject
Project("{8BC9CEB8-8B4A-11D0-8D11-00A0C91BC942}") = "08_PredefinedMacros", "08_PredefinedMacros\08_PredefinedMacros.vcxproj", "{BC18C0DE-E8C8-4F9B-9AEA-D15DB68DEFA2}"
EndProject
Project("{8BC9CEB8-8B4A-11D0-8D11-00A0C91BC942}") = "09_Pragma", "09_Pragma\09_Pragma.vcxproj", "{C0616D28-BDBA-434F-A8D0-12F57236B345}"
EndProject
Project("{8BC9CEB8-8B4A-11D0-8D11-00A0C91BC942}") = "10_Generic", "10_Generic\10_Generic.vcxproj", "{EA539B5B-C85F-407A-9DA4-95AEF83FAE55}"
EndProject
Project("{8BC9CEB8-8B4A-11D0-8D11-00A0C91BC942}") = "11_Inline_B", "11_Inline\11_Inline.vcxproj", "{1C481476-F454-4F14-9A2C-8E53224D04AA}"
EndProject
Project("{8BC9CEB8-8B4A-11D0-8D11-00A0C91BC942}") = "14_14_UtilitiesLibrary_exit_Noreturn", "12_Noreturn\12_Noreturn.vcxproj", "{BFF4DE2D-0D4A-432B-BC7B-A99F4580616E}"
EndProject
Project("{8BC9CEB8-8B4A-11D0-8D11-00A0C91BC942}") = "11_Inline_A", "11_Inline_A\11_Inline_A.vcxproj", "{E02D1C1B-3E14-4DC9-AD2B-DCD9E1715457}"
EndProject
Project("{8BC9CEB8-8B4A-11D0-8D11-00A0C91BC942}") = "12_Library_A", "12_Library\12_Library.vcxproj", "{8BD7493E-1B14-4508-9ED8-11AC1DE2879E}"
EndProject
Project("{8BC9CEB8-8B4A-11D0-8D11-00A0C91BC942}") = "12_Library_B", "12_Library_B\12_Library_B.vcxproj", "{56F7C568-3C09-4AD0-A9ED-26C2022A493D}"
EndProject
Project("{8BC9CEB8-8B4A-11D0-8D11-00A0C91BC942}") = "13_MathLibrary", "13_MathLibrary\13_MathLibrary.vcxproj", "{DD692385-4E26-4370-ABD6-162CFD3CA2EB}"
EndProject
Project("{8BC9CEB8-8B4A-11D0-8D11-00A0C91BC942}") = "14_UtilitiesLibrary", "14_UtilitiesLibrary\14_UtilitiesLibrary.vcxproj", "{BB9645A3-1275-4DFB-9186-D6A282096F50}"
EndProject
Project("{8BC9CEB8-8B4A-11D0-8D11-00A0C91BC942}") = "15_Assert", "15_Assert\15_Assert.vcxproj", "{9E7A8667-74CE-4D30-AA87-12BFFB1A0059}"
EndProject
Project("{8BC9CEB8-8B4A-11D0-8D11-00A0C91BC942}") = "16_memcpy", "16_memcpy\16_memcpy.vcxproj", "{171FFE26-D2B9-475A-A0F2-9A4C0319B019}"
EndProject
Project("{8BC9CEB8-8B4A-11D0-8D11-00A0C91BC942}") = "17_VariableArguments", "17_VariableArguments\17_VariableArguments.vcxproj", "{8755563B-188C-4708-BC36-08B8C9B854D0}"
EndProject
Global
	GlobalSection(SolutionConfigurationPlatforms) = preSolution
		Debug|x64 = Debug|x64
		Debug|x86 = Debug|x86
		Release|x64 = Release|x64
		Release|x86 = Release|x86
	EndGlobalSection
	GlobalSection(ProjectConfigurationPlatforms) = postSolution
		{A6FD8B49-A429-4701-8BFA-87B7D84DE277}.Debug|x64.ActiveCfg = Debug|x64
		{A6FD8B49-A429-4701-8BFA-87B7D84DE277}.Debug|x64.Build.0 = Debug|x64
		{A6FD8B49-A429-4701-8BFA-87B7D84DE277}.Debug|x86.ActiveCfg = Debug|Win32
		{A6FD8B49-A429-4701-8BFA-87B7D84DE277}.Debug|x86.Build.0 = Debug|Win32
		{A6FD8B49-A429-4701-8BFA-87B7D84DE277}.Release|x64.ActiveCfg = Release|x64
		{A6FD8B49-A429-4701-8BFA-87B7D84DE277}.Release|x64.Build.0 = Release|x64
		{A6FD8B49-A429-4701-8BFA-87B7D84DE277}.Release|x86.ActiveCfg = Release|Win32
		{A6FD8B49-A429-4701-8BFA-87B7D84DE277}.Release|x86.Build.0 = Release|Win32
		{2994FAEA-41DF-4E42-938B-F44912D438EB}.Debug|x64.ActiveCfg = Debug|x64
		{2994FAEA-41DF-4E42-938B-F44912D438EB}.Debug|x64.Build.0 = Debug|x64
		{2994FAEA-41DF-4E42-938B-F44912D438EB}.Debug|x86.ActiveCfg = Debug|Win32
		{2994FAEA-41DF-4E42-938B-F44912D438EB}.Debug|x86.Build.0 = Debug|Win32
		{2994FAEA-41DF-4E42-938B-F44912D438EB}.Release|x64.ActiveCfg = Release|x64
		{2994FAEA-41DF-4E42-938B-F44912D438EB}.Release|x64.Build.0 = Release|x64
		{2994FAEA-41DF-4E42-938B-F44912D438EB}.Release|x86.ActiveCfg = Release|Win32
		{2994FAEA-41DF-4E42-938B-F44912D438EB}.Release|x86.Build.0 = Release|Win32
		{06560804-E8E5-4975-B22D-92D7DE3A4E0C}.Debug|x64.ActiveCfg = Debug|x64
		{06560804-E8E5-4975-B22D-92D7DE3A4E0C}.Debug|x64.Build.0 = Debug|x64
		{06560804-E8E5-4975-B22D-92D7DE3A4E0C}.Debug|x86.ActiveCfg = Debug|Win32
		{06560804-E8E5-4975-B22D-92D7DE3A4E0C}.Debug|x86.Build.0 = Debug|Win32
		{06560804-E8E5-4975-B22D-92D7DE3A4E0C}.Release|x64.ActiveCfg = Release|x64
		{06560804-E8E5-4975-B22D-92D7DE3A4E0C}.Release|x64.Build.0 = Release|x64
		{06560804-E8E5-4975-B22D-92D7DE3A4E0C}.Release|x86.ActiveCfg = Release|Win32
		{06560804-E8E5-4975-B22D-92D7DE3A4E0C}.Release|x86.Build.0 = Release|Win32
		{671DAA59-7D9D-44D6-8E65-64F8E20E9DB9}.Debug|x64.ActiveCfg = Debug|x64
		{671DAA59-7D9D-44D6-8E65-64F8E20E9DB9}.Debug|x64.Build.0 = Debug|x64
		{671DAA59-7D9D-44D6-8E65-64F8E20E9DB9}.Debug|x86.ActiveCfg = Debug|Win32
		{671DAA59-7D9D-44D6-8E65-64F8E20E9DB9}.Debug|x86.Build.0 = Debug|Win32
		{671DAA59-7D9D-44D6-8E65-64F8E20E9DB9}.Release|x64.ActiveCfg = Release|x64
		{671DAA59-7D9D-44D6-8E65-64F8E20E9DB9}.Release|x64.Build.0 = Release|x64
		{671DAA59-7D9D-44D6-8E65-64F8E20E9DB9}.Release|x86.ActiveCfg = Release|Win32
		{671DAA59-7D9D-44D6-8E65-64F8E20E9DB9}.Release|x86.Build.0 = Release|Win32
		{40A78976-6B1F-4183-A18C-D1976C563E84}.Debug|x64.ActiveCfg = Debug|x64
		{40A78976-6B1F-4183-A18C-D1976C563E84}.Debug|x64.Build.0 = Debug|x64
		{40A78976-6B1F-4183-A18C-D1976C563E84}.Debug|x86.ActiveCfg = Debug|Win32
		{40A78976-6B1F-4183-A18C-D1976C563E84}.Debug|x86.Build.0 = Debug|Win32
		{40A78976-6B1F-4183-A18C-D1976C563E84}.Release|x64.ActiveCfg = Release|x64
		{40A78976-6B1F-4183-A18C-D1976C563E84}.Release|x64.Build.0 = Release|x64
		{40A78976-6B1F-4183-A18C-D1976C563E84}.Release|x86.ActiveCfg = Release|Win32
		{40A78976-6B1F-4183-A18C-D1976C563E84}.Release|x86.Build.0 = Release|Win32
		{C3AF68CA-6457-4739-A03A-BA01EA265B16}.Debug|x64.ActiveCfg = Debug|x64
		{C3AF68CA-6457-4739-A03A-BA01EA265B16}.Debug|x64.Build.0 = Debug|x64
		{C3AF68CA-6457-4739-A03A-BA01EA265B16}.Debug|x86.ActiveCfg = Debug|Win32
		{C3AF68CA-6457-4739-A03A-BA01EA265B16}.Debug|x86.Build.0 = Debug|Win32
		{C3AF68CA-6457-4739-A03A-BA01EA265B16}.Release|x64.ActiveCfg = Release|x64
		{C3AF68CA-6457-4739-A03A-BA01EA265B16}.Release|x64.Build.0 = Release|x64
		{C3AF68CA-6457-4739-A03A-BA01EA265B16}.Release|x86.ActiveCfg = Release|Win32
		{C3AF68CA-6457-4739-A03A-BA01EA265B16}.Release|x86.Build.0 = Release|Win32
		{71A0EB55-B2F6-47DE-B056-92A1AF9E62E9}.Debug|x64.ActiveCfg = Debug|x64
		{71A0EB55-B2F6-47DE-B056-92A1AF9E62E9}.Debug|x64.Build.0 = Debug|x64
		{71A0EB55-B2F6-47DE-B056-92A1AF9E62E9}.Debug|x86.ActiveCfg = Debug|Win32
		{71A0EB55-B2F6-47DE-B056-92A1AF9E62E9}.Debug|x86.Build.0 = Debug|Win32
		{71A0EB55-B2F6-47DE-B056-92A1AF9E62E9}.Release|x64.ActiveCfg = Release|x64
		{71A0EB55-B2F6-47DE-B056-92A1AF9E62E9}.Release|x64.Build.0 = Release|x64
		{71A0EB55-B2F6-47DE-B056-92A1AF9E62E9}.Release|x86.ActiveCfg = Release|Win32
		{71A0EB55-B2F6-47DE-B056-92A1AF9E62E9}.Release|x86.Build.0 = Release|Win32
		{F901707E-64C2-4CF3-BC14-07130C5A4C5B}.Debug|x64.ActiveCfg = Debug|x64
		{F901707E-64C2-4CF3-BC14-07130C5A4C5B}.Debug|x64.Build.0 = Debug|x64
		{F901707E-64C2-4CF3-BC14-07130C5A4C5B}.Debug|x86.ActiveCfg = Debug|Win32
		{F901707E-64C2-4CF3-BC14-07130C5A4C5B}.Debug|x86.Build.0 = Debug|Win32
		{F901707E-64C2-4CF3-BC14-07130C5A4C5B}.Release|x64.ActiveCfg = Release|x64
		{F901707E-64C2-4CF3-BC14-07130C5A4C5B}.Release|x64.Build.0 = Release|x64
		{F901707E-64C2-4CF3-BC14-07130C5A4C5B}.Release|x86.ActiveCfg = Release|Win32
		{F901707E-64C2-4CF3-BC14-07130C5A4C5B}.Release|x86.Build.0 = Release|Win32
		{B5E7F13E-4ED1-45E9-B066-FC3C3F7E830C}.Debug|x64.ActiveCfg = Debug|x64
		{B5E7F13E-4ED1-45E9-B066-FC3C3F7E830C}.Debug|x64.Build.0 = Debug|x64
		{B5E7F13E-4ED1-45E9-B066-FC3C3F7E830C}.Debug|x86.ActiveCfg = Debug|Win32
		{B5E7F13E-4ED1-45E9-B066-FC3C3F7E830C}.Debug|x86.Build.0 = Debug|Win32
		{B5E7F13E-4ED1-45E9-B066-FC3C3F7E830C}.Release|x64.ActiveCfg = Release|x64
		{B5E7F13E-4ED1-45E9-B066-FC3C3F7E830C}.Release|x64.Build.0 = Release|x64
		{B5E7F13E-4ED1-45E9-B066-FC3C3F7E830C}.Release|x86.ActiveCfg = Release|Win32
		{B5E7F13E-4ED1-45E9-B066-FC3C3F7E830C}.Release|x86.Build.0 = Release|Win32
		{30801582-76BE-4EF6-975C-6C4F699D34BC}.Debug|x64.ActiveCfg = Debug|x64
		{30801582-76BE-4EF6-975C-6C4F699D34BC}.Debug|x64.Build.0 = Debug|x64
		{30801582-76BE-4EF6-975C-6C4F699D34BC}.Debug|x86.ActiveCfg = Debug|Win32
		{30801582-76BE-4EF6-975C-6C4F699D34BC}.Debug|x86.Build.0 = Debug|Win32
		{30801582-76BE-4EF6-975C-6C4F699D34BC}.Release|x64.ActiveCfg = Release|x64
		{30801582-76BE-4EF6-975C-6C4F699D34BC}.Release|x64.Build.0 = Release|x64
		{30801582-76BE-4EF6-975C-6C4F699D34BC}.Release|x86.ActiveCfg = Release|Win32
		{30801582-76BE-4EF6-975C-6C4F699D34BC}.Release|x86.Build.0 = Release|Win32
		{784990E9-7372-4A3D-B976-96BDC5BBE7B2}.Debug|x64.ActiveCfg = Debug|x64
		{784990E9-7372-4A3D-B976-96BDC5BBE7B2}.Debug|x64.Build.0 = Debug|x64
		{784990E9-7372-4A3D-B976-96BDC5BBE7B2}.Debug|x86.ActiveCfg = Debug|Win32
		{784990E9-7372-4A3D-B976-96BDC5BBE7B2}.Debug|x86.Build.0 = Debug|Win32
		{784990E9-7372-4A3D-B976-96BDC5BBE7B2}.Release|x64.ActiveCfg = Release|x64
		{784990E9-7372-4A3D-B976-96BDC5BBE7B2}.Release|x64.Build.0 = Release|x64
		{784990E9-7372-4A3D-B976-96BDC5BBE7B2}.Release|x86.ActiveCfg = Release|Win32
		{784990E9-7372-4A3D-B976-96BDC5BBE7B2}.Release|x86.Build.0 = Release|Win32
		{BC18C0DE-E8C8-4F9B-9AEA-D15DB68DEFA2}.Debug|x64.ActiveCfg = Debug|x64
		{BC18C0DE-E8C8-4F9B-9AEA-D15DB68DEFA2}.Debug|x64.Build.0 = Debug|x64
		{BC18C0DE-E8C8-4F9B-9AEA-D15DB68DEFA2}.Debug|x86.ActiveCfg = Debug|Win32
		{BC18C0DE-E8C8-4F9B-9AEA-D15DB68DEFA2}.Debug|x86.Build.0 = Debug|Win32
		{BC18C0DE-E8C8-4F9B-9AEA-D15DB68DEFA2}.Release|x64.ActiveCfg = Release|x64
		{BC18C0DE-E8C8-4F9B-9AEA-D15DB68DEFA2}.Release|x64.Build.0 = Release|x64
		{BC18C0DE-E8C8-4F9B-9AEA-D15DB68DEFA2}.Release|x86.ActiveCfg = Release|Win32
		{BC18C0DE-E8C8-4F9B-9AEA-D15DB68DEFA2}.Release|x86.Build.0 = Release|Win32
		{C0616D28-BDBA-434F-A8D0-12F57236B345}.Debug|x64.ActiveCfg = Debug|x64
		{C0616D28-BDBA-434F-A8D0-12F57236B345}.Debug|x64.Build.0 = Debug|x64
		{C0616D28-BDBA-434F-A8D0-12F57236B345}.Debug|x86.ActiveCfg = Debug|Win32
		{C0616D28-BDBA-434F-A8D0-12F57236B345}.Debug|x86.Build.0 = Debug|Win32
		{C0616D28-BDBA-434F-A8D0-12F57236B345}.Release|x64.ActiveCfg = Release|x64
		{C0616D28-BDBA-434F-A8D0-12F57236B345}.Release|x64.Build.0 = Release|x64
		{C0616D28-BDBA-434F-A8D0-12F57236B345}.Release|x86.ActiveCfg = Release|Win32
		{C0616D28-BDBA-434F-A8D0-12F57236B345}.Release|x86.Build.0 = Release|Win32
		{EA539B5B-C85F-407A-9DA4-95AEF83FAE55}.Debug|x64.ActiveCfg = Debug|x64
		{EA539B5B-C85F-407A-9DA4-95AEF83FAE55}.Debug|x64.Build.0 = Debug|x64
		{EA539B5B-C85F-407A-9DA4-95AEF83FAE55}.Debug|x86.ActiveCfg = Debug|Win32
		{EA539B5B-C85F-407A-9DA4-95AEF83FAE55}.Debug|x86.Build.0 = Debug|Win32
		{EA539B5B-C85F-407A-9DA4-95AEF83FAE55}.Release|x64.ActiveCfg = Release|x64
		{EA539B5B-C85F-407A-9DA4-95AEF83FAE55}.Release|x64.Build.0 = Release|x64
		{EA539B5B-C85F-407A-9DA4-95AEF83FAE55}.Release|x86.ActiveCfg = Release|Win32
		{EA539B5B-C85F-407A-9DA4-95AEF83FAE55}.Release|x86.Build.0 = Release|Win32
		{1C481476-F454-4F14-9A2C-8E53224D04AA}.Debug|x64.ActiveCfg = Debug|x64
		{1C481476-F454-4F14-9A2C-8E53224D04AA}.Debug|x64.Build.0 = Debug|x64
		{1C481476-F454-4F14-9A2C-8E53224D04AA}.Debug|x86.ActiveCfg = Debug|Win32
		{1C481476-F454-4F14-9A2C-8E53224D04AA}.Debug|x86.Build.0 = Debug|Win32
		{1C481476-F454-4F14-9A2C-8E53224D04AA}.Release|x64.ActiveCfg = Release|x64
		{1C481476-F454-4F14-9A2C-8E53224D04AA}.Release|x64.Build.0 = Release|x64
		{1C481476-F454-4F14-9A2C-8E53224D04AA}.Release|x86.ActiveCfg = Release|Win32
		{1C481476-F454-4F14-9A2C-8E53224D04AA}.Release|x86.Build.0 = Release|Win32
		{BFF4DE2D-0D4A-432B-BC7B-A99F4580616E}.Debug|x64.ActiveCfg = Debug|x64
		{BFF4DE2D-0D4A-432B-BC7B-A99F4580616E}.Debug|x64.Build.0 = Debug|x64
		{BFF4DE2D-0D4A-432B-BC7B-A99F4580616E}.Debug|x86.ActiveCfg = Debug|Win32
		{BFF4DE2D-0D4A-432B-BC7B-A99F4580616E}.Debug|x86.Build.0 = Debug|Win32
		{BFF4DE2D-0D4A-432B-BC7B-A99F4580616E}.Release|x64.ActiveCfg = Release|x64
		{BFF4DE2D-0D4A-432B-BC7B-A99F4580616E}.Release|x64.Build.0 = Release|x64
		{BFF4DE2D-0D4A-432B-BC7B-A99F4580616E}.Release|x86.ActiveCfg = Release|Win32
		{BFF4DE2D-0D4A-432B-BC7B-A99F4580616E}.Release|x86.Build.0 = Release|Win32
		{E02D1C1B-3E14-4DC9-AD2B-DCD9E1715457}.Debug|x64.ActiveCfg = Debug|x64
		{E02D1C1B-3E14-4DC9-AD2B-DCD9E1715457}.Debug|x64.Build.0 = Debug|x64
		{E02D1C1B-3E14-4DC9-AD2B-DCD9E1715457}.Debug|x86.ActiveCfg = Debug|Win32
		{E02D1C1B-3E14-4DC9-AD2B-DCD9E1715457}.Debug|x86.Build.0 = Debug|Win32
		{E02D1C1B-3E14-4DC9-AD2B-DCD9E1715457}.Release|x64.ActiveCfg = Release|x64
		{E02D1C1B-3E14-4DC9-AD2B-DCD9E1715457}.Release|x64.Build.0 = Release|x64
		{E02D1C1B-3E14-4DC9-AD2B-DCD9E1715457}.Release|x86.ActiveCfg = Release|Win32
		{E02D1C1B-3E14-4DC9-AD2B-DCD9E1715457}.Release|x86.Build.0 = Release|Win32
		{8BD7493E-1B14-4508-9ED8-11AC1DE2879E}.Debug|x64.ActiveCfg = Debug|x64
		{8BD7493E-1B14-4508-9ED8-11AC1DE2879E}.Debug|x64.Build.0 = Debug|x64
		{8BD7493E-1B14-4508-9ED8-11AC1DE2879E}.Debug|x86.ActiveCfg = Debug|Win32
		{8BD7493E-1B14-4508-9ED8-11AC1DE2879E}.Debug|x86.Build.0 = Debug|Win32
		{8BD7493E-1B14-4508-9ED8-11AC1DE2879E}.Release|x64.ActiveCfg = Release|x64
		{8BD7493E-1B14-4508-9ED8-11AC1DE2879E}.Release|x64.Build.0 = Release|x64
		{8BD7493E-1B14-4508-9ED8-11AC1DE2879E}.Release|x86.ActiveCfg = Release|Win32
		{8BD7493E-1B14-4508-9ED8-11AC1DE2879E}.Release|x86.Build.0 = Release|Win32
		{56F7C568-3C09-4AD0-A9ED-26C2022A493D}.Debug|x64.ActiveCfg = Debug|x64
		{56F7C568-3C09-4AD0-A9ED-26C2022A493D}.Debug|x64.Build.0 = Debug|x64
		{56F7C568-3C09-4AD0-A9ED-26C2022A493D}.Debug|x86.ActiveCfg = Debug|Win32
		{56F7C568-3C09-4AD0-A9ED-26C2022A493D}.Debug|x86.Build.0 = Debug|Win32
		{56F7C568-3C09-4AD0-A9ED-26C2022A493D}.Release|x64.ActiveCfg = Release|x64
		{56F7C568-3C09-4AD0-A9ED-26C2022A493D}.Release|x64.Build.0 = Release|x64
		{56F7C568-3C09-4AD0-A9ED-26C2022A493D}.Release|x86.ActiveCfg = Release|Win32
		{56F7C568-3C09-4AD0-A9ED-26C2022A493D}.Release|x86.Build.0 = Release|Win32
		{DD692385-4E26-4370-ABD6-162CFD3CA2EB}.Debug|x64.ActiveCfg = Debug|x64
		{DD692385-4E26-4370-ABD6-162CFD3CA2EB}.Debug|x64.Build.0 = Debug|x64
		{DD692385-4E26-4370-ABD6-162CFD3CA2EB}.Debug|x86.ActiveCfg = Debug|Win32
		{DD692385-4E26-4370-ABD6-162CFD3CA2EB}.Debug|x86.Build.0 = Debug|Win32
		{DD692385-4E26-4370-ABD6-162CFD3CA2EB}.Release|x64.ActiveCfg = Release|x64
		{DD692385-4E26-4370-ABD6-162CFD3CA2EB}.Release|x64.Build.0 = Release|x64
		{DD692385-4E26-4370-ABD6-162CFD3CA2EB}.Release|x86.ActiveCfg = Release|Win32
		{DD692385-4E26-4370-ABD6-162CFD3CA2EB}.Release|x86.Build.0 = Release|Win32
		{BB9645A3-1275-4DFB-9186-D6A282096F50}.Debug|x64.ActiveCfg = Debug|x64
		{BB9645A3-1275-4DFB-9186-D6A282096F50}.Debug|x64.Build.0 = Debug|x64
		{BB9645A3-1275-4DFB-9186-D6A282096F50}.Debug|x86.ActiveCfg = Debug|Win32
		{BB9645A3-1275-4DFB-9186-D6A282096F50}.Debug|x86.Build.0 = Debug|Win32
		{BB9645A3-1275-4DFB-9186-D6A282096F50}.Release|x64.ActiveCfg = Release|x64
		{BB9645A3-1275-4DFB-9186-D6A282096F50}.Release|x64.Build.0 = Release|x64
		{BB9645A3-1275-4DFB-9186-D6A282096F50}.Release|x86.ActiveCfg = Release|Win32
		{BB9645A3-1275-4DFB-9186-D6A282096F50}.Release|x86.Build.0 = Release|Win32
		{9E7A8667-74CE-4D30-AA87-12BFFB1A0059}.Debug|x64.ActiveCfg = Debug|x64
		{9E7A8667-74CE-4D30-AA87-12BFFB1A0059}.Debug|x64.Build.0 = Debug|x64
		{9E7A8667-74CE-4D30-AA87-12BFFB1A0059}.Debug|x86.ActiveCfg = Debug|Win32
		{9E7A8667-74CE-4D30-AA87-12BFFB1A0059}.Debug|x86.Build.0 = Debug|Win32
		{9E7A8667-74CE-4D30-AA87-12BFFB1A0059}.Release|x64.ActiveCfg = Release|x64
		{9E7A8667-74CE-4D30-AA87-12BFFB1A0059}.Release|x64.Build.0 = Release|x64
		{9E7A8667-74CE-4D30-AA87-12BFFB1A0059}.Release|x86.ActiveCfg = Release|Win32
		{9E7A8667-74CE-4D30-AA87-12BFFB1A0059}.Release|x86.Build.0 = Release|Win32
		{171FFE26-D2B9-475A-A0F2-9A4C0319B019}.Debug|x64.ActiveCfg = Debug|x64
		{171FFE26-D2B9-475A-A0F2-9A4C0319B019}.Debug|x64.Build.0 = Debug|x64
		{171FFE26-D2B9-475A-A0F2-9A4C0319B019}.Debug|x86.ActiveCfg = Debug|Win32
		{171FFE26-D2B9-475A-A0F2-9A4C0319B019}.Debug|x86.Build.0 = Debug|Win32
		{171FFE26-D2B9-475A-A0F2-9A4C0319B019}.Release|x64.ActiveCfg = Release|x64
		{171FFE26-D2B9-475A-A0F2-9A4C0319B019}.Release|x64.Build.0 = Release|x64
		{171FFE26-D2B9-475A-A0F2-9A4C0319B019}.Release|x86.ActiveCfg = Release|Win32
		{171FFE26-D2B9-475A-A0F2-9A4C0319B019}.Release|x86.Build.0 = Release|Win32
		{8755563B-188C-4708-BC36-08B8C9B854D0}.Debug|x64.ActiveCfg = Debug|x64
		{8755563B-188C-4708-BC36-08B8C9B854D0}.Debug|x64.Build.0 = Debug|x64
		{8755563B-188C-4708-BC36-08B8C9B854D0}.Debug|x86.ActiveCfg = Debug|Win32
		{8755563B-188C-4708-BC36-08B8C9B854D0}.Debug|x86.Build.0 = Debug|Win32
		{8755563B-188C-4708-BC36-08B8C9B854D0}.Release|x64.ActiveCfg = Release|x64
		{8755563B-188C-4708-BC36-08B8C9B854D0}.Release|x64.Build.0 = Release|x64
		{8755563B-188C-4708-BC36-08B8C9B854D0}.Release|x86.ActiveCfg = Release|Win32
		{8755563B-188C-4708-BC36-08B8C9B854D0}.Release|x86.Build.0 = Release|Win32
	EndGlobalSection
	GlobalSection(SolutionProperties) = preSolution
		HideSolutionNode = FALSE
	EndGlobalSection
	GlobalSection(ExtensibilityGlobals) = postSolution
		SolutionGuid = {4FE6B8F2-13CA-46F8-8E65-43F26D773BBF}
	EndGlobalSection
EndGlobal
